{
    "_meta": {
        "hash": {
            "sha256": "5fdb4c5648f49837db8df343e9cf75c58bf78016e24636b97d6d3095ddaaebec"
        },
        "pipfile-spec": 6,
        "requires": {
            "python_version": "3.9"
        },
        "sources": [
            {
                "name": "pypi",
                "url": "https://pypi.org/simple",
                "verify_ssl": true
            }
        ]
    },
    "default": {
        "gevent": {
            "hashes": [
                "sha256:032157cebdedb84f2f52cdd980f2f5f2623eed6a8f083aadf44b44c47f628642",
                "sha256:0bf57df54f1c66273bf3601c2a1e41b12138fe848933718369663bc54f177ca2",
                "sha256:1101b5ef82a3fb178550cfd80f32293dc8dd2f3d0828292223ebba29d6f76e33",
                "sha256:1655eb04c1e20d71b2aa4a3c7528162dd58ff6cc46a037af1f01f534c80fefba",
                "sha256:1c6293a7046bcc6f3d8972a74b19cd7a4cfd02d3881edf0fcf827aa514bd247b",
                "sha256:1d8da4e799431feeb4c9e441ac7431f0baabb9106976790d884289d08ac08359",
                "sha256:23569ce0c254eb821fc3dcfe250843dde8b3180b09bae9e222e41aa3fa4885b7",
                "sha256:271b1474d81bb33036631adb16a35e5a1ee9dc414b05c999d6b01dc839a89975",
                "sha256:2a0f5993a04b95a35b3a118b1a58ba272833f9b547b774001dea29f90620882f",
                "sha256:2ba673dcbf7747513b58fa64ca7e9d6a828bc5c604d1552d23db89006d7911df",
                "sha256:2e117df896a2660c9ebd4e2b5afc02dfd6e2ddf9b495e787e67c72d105432b09",
                "sha256:354f35924113abc954819216c2a6ee16751958c615681e0490946e31b437bd2f",
                "sha256:3be804565168ffacebeb21af9f1cd689831a89f0f12fc0c3f423c730c3c9eb31",
                "sha256:40cdcdb2e404b6c82b82a4576bdb33958f23fc2deb0d933e9e022b362001e647",
                "sha256:45d5438d1c84da5df7e832434627624709543630977332bb4e2d05ecca362cc9",
                "sha256:4c964c15076e76391d523ec24202f579a2535f7e301a40efb1656ae046d3eb69",
                "sha256:4d53b1b28f2082a151bded2850b53f6baed02f742d2a1584029e8bd42d457fb4",
                "sha256:51becdb4c30a8f45c1c028ad7a97bf5a1ed141f74b159a31aa9cc6aa1e6263a6",
                "sha256:5233109ad4f3af16393ba9888f238919a05ce15ce68d6831ac8a0da8dfb750ae",
                "sha256:5c5ff29495a2eed2a244de8150f21893d6c1b15d8b4b5719ab4bbfa06db1e28f",
                "sha256:68c5fc21cef80268cdff88a4ae6c025fabb019b071f6f8ee4d20a7bccbddb873",
                "sha256:75a0050e4b87f08ddee7e56f59e6014cd7fcdc3153046c09a847940515d12c85",
                "sha256:7da34aef7e87c43dd3662e5785e79ed505c01399a7cb42876d2d8925969fd75f",
                "sha256:96d5e96b1b14a4c1023dcfcc114533217f13febc3b6169254f23fc18d19fee29",
                "sha256:9b4d3f34c913d1a6bec6d030365a517f3b527a9773b12e58cf56c3339bbe96e6",
                "sha256:9c414935ba5fc88359110968851d3616f119082c937390d00a1c0f4f59be814f",
                "sha256:9f463c7d6f69d13b6fe8e3b832a6175a6e95328a940f38495d25496d1ae8ad88",
                "sha256:a11daf3a588b932c8bf965fb18444c69aff48badec88435e988cf8d67137075a",
                "sha256:a47cd2d32f6404212d374ad8014a3491d7477dcf0cc09c5a2308ad6d325fd663",
                "sha256:aae214952fd38d27a42dc416bb70193962ec932384b63445d29bbb5817a1c042",
                "sha256:af5ffe9c11ffb8a39b6bef2e8b722aa2043ae4980977915c6aa8c68b4bc26e46",
                "sha256:b2239df2f7570efa03736678f3f053bb1bdd22a8a16cd28a2feb7d32ea5f533f",
                "sha256:b573d5b2826edc705f31f07da6889ad483a6a0d64944ebd8d32205f7c5bf46fb",
                "sha256:bccff69c462e3650a0fd1d4e9cfc8b6effe15f3e9b1cad20a7bb5ce14b057efd",
                "sha256:bd3445e4fbeeb46690ed8efe94b8d1d46b14aa04af8866ae7a8da5997828d1c6",
                "sha256:c42bbcd3d453b08ad8915fd3feaf3d44a3562cdf1c7b208f9837149711e16d9d",
                "sha256:cd3dc60581687e2618286108f8e2f820d8446be4b34131065011c066e911d39c",
                "sha256:d325502eb0695708ef8c899f605573ed6847f3961f8159627dba267fbf3ce457",
                "sha256:d3bde0f140a275b2fa88e4b6516bda85551930e10bc2fd95e18c1b7d11cb780c",
                "sha256:dc7fa28b2d627f8e87595f39043b6dec71e8e7fb97e685e5506c47cf3ff8cb2e",
                "sha256:e29fb4b17d9958ec8cb7f6339a111b29bc23f2c2efbef86189d1248bb4862d17",
                "sha256:e49ce0de007dfd7412edbc2b5d41cce33b049bb1b7086f50be5a09e601bde603",
                "sha256:e80ad2a8a1e8bdaa5605e3bf4929e0cebf9ea7b8237c83362f7257698bb14280",
                "sha256:f519139354d5ca7625df9ddb1b2ffada885c14abc5b4dbae3682e967ddf79669",
                "sha256:f7067564f139e33bf26a31ee3b13d168d76eb99a44b85ced626652b158baa80c",
                "sha256:fd1a0b83a04e19378d9466ae0ee2b5937cf1d7fbfdcb916b2aea82179a208574",
                "sha256:fe42c037253580a3386fce275f8a2a845e540f5a729916934a732f13d42e72cc"
            ],
            "index": "pypi",
            "markers": "python_version >= '3.9'",
            "version": "==26.5.0"
        },
        "greenlet": {
            "hashes": [
                "sha256:04633da773ae432649a3f092a8e4add390732cc9e1ab52c8ff2c91b8dc86f202",
                "sha256:04e6a202cde56043fd355fefd1552c4caa5c087528121871d950eb4f1b51fa99",
                "sha256:050703a60603db0e817364d69e048c70af299040c13a7e67792b9e62d4571196",
                "sha256:0bc06a78fa3ffbe2a75f1ebc7e040eacf6fa1050a9432953ab111fbbbf0d03c1",
                "sha256:0d2a78e6f1bf3f1672df91e212a2f8314e1e7c922f065d14cbad4bc815059467",
                "sha256:15871afc0d78ec87d15d8412b337f287fc69f8f669346e391585824970931c48",
                "sha256:2acb30e77042f747ca81f0a10cc153296567e92e666c5e1b117f4595afd43352",
                "sha256:2c7429f6e9cea7cbf2637d86d3db12806ba970f7f972fcab39d6b54b4457cbaf",
                "sha256:34cc7cf8ab6f4b85298b01e13e881265ee7b3c1daf6bc10a2944abc15d4f87c3",
                "sha256:3828b309dfb1f117fe54867512a8265d8d4f00f8de6908eef9b885f4d8789062",
                "sha256:393c03c26c865f17f31d8db2f09603fadbe0581ad85a5d5908b131549fc38217",
                "sha256:4544ab2cfd5912e42458b13516429e029f87d8bbcdc8d5506db772941ae12493",
                "sha256:45fcea7b697b91290b36eafc12fff479aca6ba6500d98ef6f34d5634c7119cbe",
                "sha256:472841de62d60f2cafd60edd4fd4dd7253eb70e6eaf14b8990dcaf177f4af957",
                "sha256:499b809e7738c8af0ff9ac9d5dd821cb93f4293065a9237543217f0b252f950a",
                "sha256:5bf0d7d62e356ef2e87e55e46a4e930ac165f9372760fb983b5631bb479e9d3a",
                "sha256:5ceb29d1f74c7280befbbfa27b9bf91ba4a07a1a00b2179a5d953fc219b16c42",
                "sha256:60c06b502d56d5451f60ca665691da29f79ed95e247bcf8ce5024d7bbe64acb9",
                "sha256:6712bfd520530eb67331813f7112d3ee18e206f48b3d026d8a96cd2d2ad20251",
                "sha256:67725ae9fea62c95cf1aa230f1b8d4dc38f7cd14f6103d1df8a5a95657eb8e54",
                "sha256:6dff6433742073e5b6ad40953a78a0e8cddcb3f6869e5ea635d29a810ca5e7d0",
                "sha256:6e8fe0c72603201a86b2e038daf9b6c8570715f8779566419cff543b6ace88de",
                "sha256:7123b29e6bad2f3f89681be4ef316480fca798ebe8d22fbaced9cc3775007a4f",
                "sha256:752c896a8c976548faafe8a306d446c6a4c68d4fd24699b84d4393bd9ac69a8e",
                "sha256:7d951e7d628a6e8b68af469f0fe4f100ef64c4054abeb9cdafbfaa30a920c950",
                "sha256:87b791dd0e031a574249af717ac36f7031b18c35329561c1e0368201c18caf1f",
                "sha256:a145f4b1c4ed7a2c94561b7f18b4beec3d3fb6f0580db22f7ed1d544e0620b34",
                "sha256:a5e4b25e855800fba17713020c5c33e0a4b7a1829027719344f0c7c8870092a2",
                "sha256:ac8db07bced2c39b987bba13a3195f8157b0cfbce54488f86919321444a1cc3c",
                "sha256:acabf468466d18017e2ae5fbf1a5a88b86b48983e550e1ae1437b69a83d9f4ac",
                "sha256:bd593db7ee1fa8a513a48a404f8cc4126998a48025e3f5cbbc68d51be0a6bf66",
                "sha256:bdd67619cefe1cc9fcab57c8853d2bb36eca9f166c0058cc0d428d471f7c785c",
                "sha256:c11fe0cfb0ce33132f0b5d27eeadd1954976a82e5e9b60909ec2c4b884a55382",
                "sha256:c5445ddb7b586d870dad32ca9fc47c287d6022a528d194efdb8912093c5303ad",
                "sha256:c816554eb33e7ecf9ba4defcb1fd8c994e59be6b4110da15480b3e7447ea4286",
                "sha256:c8317d732e2ae0935d9ed2af2ea876fa714cf6f3b887a31ca150b54329b0a6e9",
                "sha256:cc1d01bdd67db3e5711e6246e451d7a0f75fae7bbf40adde129296a7f9aa7cc9",
                "sha256:ce8aed6fdd5e07d3cbb988cbdc188266a4eb9e1a52db9ef5c6526e59962d3933",
                "sha256:d5583b2ffa677578a384337ee13125bdf9a427485d689014b39d638a4f3d8dbe",
                "sha256:d7456e67b0be653dfe643bb37d9566cd30939c80f858e2ce6d2d54951f75b14a",
                "sha256:dbe0e81e24982bb45907ca20152b31c2e3300ca352fdc4acbd4956e4a2cbc195",
                "sha256:e3f03ddd7142c758ab41c18089a1407b9959bd276b4e6dfbd8fd06403832c87a",
                "sha256:e66872daffa360b2537170b73ad530f14fa31785b1bc78080125d92edf0a6def",
                "sha256:edbf4ab9a7057ee430a678fe2ef37ea5d69125d6bdc7feb42ed8d871c737e63b",
                "sha256:f2cc88b50b9006b324c1b9f5f3552f9d4564c78af57cdfb4c7baf4f0aa089146",
                "sha256:f96e2bb8a56b7e1aed1dbfbbe0050cb2ecca99c7c91892fd1771e3afab63b3e3",
                "sha256:fd904626b8779810062cb455514594776e3cba3b8c0ba4939894df9f7b384971"
            ],
            "markers": "python_version >= '3.9'",
            "version": "==3.2.5"
        },
        "lark-parser": {
            "hashes": [
                "sha256:062800f3823a6c733ec1d181a2089a22d1f62dbe65f90a3f6b1e6de1934b05ef"
            ],
            "version": "==0.6.7"
        },
        "setuptools": {
            "hashes": [
                "sha256:7d872682c5d01cfde07da7bccc7b65469d3dca203318515ada1de5eda35efbf9",
                "sha256:a59e362652f08dcd477c78bb6e7bd9d80a7995bc73ce773050228a348ce2e5bb"
            ],
            "markers": "python_version >= '3.9'",
            "version": "==82.0.1"
        },
        "syslog-rfc5424-parser": {
            "hashes": [
                "sha256:6134ee1958da89ab7f8d32ed5370a49ddabcc99d75a950b6ec59708417f20a7a",
                "sha256:80a9239d4da404a271266000f4c5f00a183af3d03d53d19d7052c8272430bee9"
            ],
            "index": "pypi",
            "version": "==0.3.2"
        },
        "syslogmp": {
            "hashes": [
                "sha256:bcf94858407cf8993e9bf73dc306157f087db6c66503e74853d0a95bf6a4f0fb",
                "sha256:c25215db4b167d333c829d6e2afd83d7c8fb2ce3957f1b64019fac527398ca23"
            ],
            "index": "pypi",
            "version": "==0.4"
        },
        "zope.event": {
            "hashes": [
                "sha256:0ebac894fa7c5f8b7a89141c272133d8c1de6ddc75ea4b1f327f00d1f890df92",
                "sha256:6f0922593407cc673e7d8766b492c519f91bdc99f3080fe43dcec0a800d682a3"
            ],
            "markers": "python_version >= '3.9'",
            "version": "==6.0"
        },
        "zope.interface": {
            "hashes": [
                "sha256:029ea1db7e855a475bf88d9910baab4e94d007a054810e9007ac037a91c67c6f",
                "sha256:0beb3e7f7dc153944076fcaf717a935f68d39efa9fce96ec97bafcc0c2ea6cab",
                "sha256:110c73ddf974b369ef3c6e7b0d87d44673cf4914eba3fe8a33bfb21c6c606ad8",
                "sha256:115f27c1cc95ce7a517d960ef381beedb0a7ce9489645e80b9ab3cbf8a78799c",
                "sha256:23f82ef9b2d5370750cc1bf883c3b94c33d098ce08557922a3fbc7ff3b63dfe1",
                "sha256:29be8db8b712d94f1c05e24ea230a879271d787205ba1c9a6100d1d81f06c69a",
                "sha256:35a1565d5244997f2e629c5c68715b3d9d9036e8df23c4068b08d9316dcb2822",
                "sha256:4bd01022d2e1bce4a4a4ed9549edb25393c92e607d7daa6deff843f1f68b479d",
                "sha256:51ae1b856565b30455b7879fdf0a56a88763b401d3f814fa9f9542d7410dbd7e",
                "sha256:64a43f5280aa770cbafd0307cb3d1ff430e2a1001774e8ceb40787abe4bb6658",
                "sha256:64fa7b206dd9669f29d5c1241a768bebe8ab1e8a4b63ee16491f041e058c09d0",
                "sha256:6d965347dd1fb9e9a53aa852d4ded46b41ca670d517fd54e733a6b6a4d0561c2",
                "sha256:758803806b962f32c87b31bb18c298b022965ba34fe532163831cc39118c24ab",
                "sha256:7844765695937d9b0d83211220b72e2cf6ac81a08608ad2b58f2c094af498d83",
                "sha256:7b915cf7e747b5356d741be79a153aa9107e8923bc93bcd65fc873caf0fb5c50",
                "sha256:87e6b089002c43231fb9afec89268391bcc7a3b66e76e269ffde19a8112fb8d5",
                "sha256:9a3b8bb77a4b89427a87d1e9eb969ab05e38e6b4a338a9de10f6df23c33ec3c2",
                "sha256:9e9bdca901c1bcc34e438001718512c65b3b8924aabcd732b6e7a7f0cd715f17",
                "sha256:a0016ca85f93b938824e2f9a43534446e95134a2945b084944786e1ace2020bc",
                "sha256:af655c573b84e3cb6a4f6fd3fbe04e4dc91c63c6b6f99019b3713ef964e589bc",
                "sha256:b2737c11c34fb9128816759864752d007ec4f987b571c934c30723ed881a7a4f",
                "sha256:b84464a9fcf801289fa8b15bfc0829e7855d47fb4a8059555effc6f2d1d9a613",
                "sha256:bbd22d4801ad3e8ec704ba9e3e6a4ac2e875e4d77e363051ccb76153d24c5519",
                "sha256:c7cc027fc5c61c5d69e5080c30b66382f454f43dc379c463a38e78a9c6bab71a",
                "sha256:cf66e4bf731aa7e0ced855bb3670e8cda772f6515a475c6a107bad5cb6604103",
                "sha256:d2e7596149cb1acd1d4d41b9f8fe2ffc0e9e29e2e91d026311814181d0d9efaf",
                "sha256:eba5610d042c3704a48222f7f7c6ab5b243ed26f917e2bc69379456b115e02d1",
                "sha256:f7c4bc4021108847bce763673ce70d0716b08dfc2ba9889e7bad46ac2b3bb924",
                "sha256:f8e88f35f86bbe8243cad4b2972deef0fdfca0a0723455abbebdc83bbab96b69",
                "sha256:fcf9097ff3003b7662299f1c25145e15260ec2a27f9a9e69461a585d79ca8552",
                "sha256:fd7195081b8637eeed8d73e4d183b07199a1dc738fb28b3de6666b1b55662570"
            ],
            "markers": "python_version >= '3.9'",
            "version": "==8.0.1"
        }
    },
    "develop": {}
}
