{
    "_meta": {
        "hash": {
            "sha256": "5fdb4c5648f49837db8df343e9cf75c58bf78016e24636b97d6d3095ddaaebec"
        },
        "pipfile-spec": 6,
        "requires": {
            "python_version": "3.9"
        },
        "sources": [
            {
                "name": "pypi",
                "url": "https://pypi.org/simple",
                "verify_ssl": true
            }
        ]
    },
    "default": {
        "gevent": {
            "hashes": [
                "sha256:079dca3fe5e048714e93ab5ce7cbf2ec31709c860979feb117abbbf2b8ae6ad0",
                "sha256:1a18e543c830a1c07a2efeb33786a57ccac360af70cb42bbaf5a6f5f7ca49300",
                "sha256:1c737e6ac6ce1398df0e3f41c58d982e397c993cbe73ac05b7edbe39e128c9cb",
                "sha256:1fe581d41c63cd1d8b12c69561ce53a48ad0d8763b254740d7bfea997335a38c",
                "sha256:201323a5fb9a0646a0c7b384395ca55d60ee83200677919229df0648c4b78e6c",
                "sha256:288d03addfccf0d1c67268358b6759b04392bf3bc35d26f3d9a45c82899c292d",
                "sha256:297a361071dc6708115d4544859321e93b02a6cd5823ba02c0a909530a519d45",
                "sha256:29a225d2d4da37e20c7a246754a64442d0e43e4534b8cc764f89530bb22a4237",
                "sha256:318a0a73f664113e8d86d0cb0e328e7650e2d7d9c2e045418ab6fb1285831ad3",
                "sha256:35b037b415ed38369717800250fe5974249525953b46026bef9def20f946dfb0",
                "sha256:45d6010a6a981f5a2b3411c4e38fbe305a1b46e4b12db3b4914775927dea7ba4",
                "sha256:4a9a64c064457c1afaf93ee2815fe0f38be6ecbb92806a6a712f12afc3e26cf5",
                "sha256:4fbd3ff28a7babbfee750684c4f46ba6eedb3bce69365dd146726986b79fa6c1",
                "sha256:684256c29e3e5d4d0c4d06b772d00574d0dc859dfbb2fd13d318c512b16e1f89",
                "sha256:6d973735d2067607a32cd182893978755eee829a0dc268087592d3b715e63fad",
                "sha256:73eafd06b158d511f1ec6e5902a45e0ae3b48e745f35e9df97d25f809f537d88",
                "sha256:74f1e3a460c43aefcb4ff9ef91aac15abc0b42e5233771e1956574d14ba9cac6",
                "sha256:7ab0f183a6fd2369eef619832eef14f1f2f69c605163c3f2dc41deb799af4a71",
                "sha256:7e5906860e632bf965e1966c57e6bfc19dcb79dc262f04fdb0a9d7c12147bf69",
                "sha256:7e74f59e5c9011afa2a9cb7106bb9a59f2a1f74c3d7b272c1b852eb0bc0b8f90",
                "sha256:7eef2ea508ce41795e20587a5fc868ae4919543097c81a40fbdfd65bc479f54f",
                "sha256:82d68a60a4207826db295b4e80a204c9d392ce78ccc15679195faeb9e29d8388",
                "sha256:954258873ae0bcc97fb41e48db25284fb73454bfefe27db8ceb89225da5502fb",
                "sha256:a1b897c952baefd72232efaeb3bdb1ca2fa7ae94cbfe68ac21201b03e843190a",
                "sha256:c503b0c0a681e795255a13e5bb4e41615c3b020c1db93b8dfa04cfeb8f19d5a9",
                "sha256:c58c8e034f94329be4dc0979fba3301005a433dbab42cea0b2c33fd736946872",
                "sha256:ccaa0f002cfd69c03621ac05243c1a00ed77cee97b363d0108b0e36663e4ca33",
                "sha256:ce7aa033a3f68beb6732d1450a80c1af29e63e0c2d01abad7918cf2507f72fa6",
                "sha256:d00d8c4ca1afab90e478b79679dd53787082c6da8d2f4fdc7667a4440d1e1a7a",
                "sha256:d1c08bc9bb6bd79732a26710a99588b5e9b67b668e165dd609704b876f41baab",
                "sha256:d48e3ee13d7678c24c22f19d441ad6bc220a79f23662d03ff36fae0d62efdb59",
                "sha256:dc38137ba2f43794c488615aafa2eefd0cc142f484a8274d4c827ed7a031a1e2",
                "sha256:df208cd53c7382a4cc8470d39a92fc73b3cf2f0f3379d6c88bb556823a26ccb7",
                "sha256:f0a03650ca60c4c5774cbe21333905b95f2f5abd98ea5a3dbf28d93f2a7a5a84",
                "sha256:f7e12fdd28cc9f39a463d8df5172d698c64a8ed385a21d98e7092fd8308a139a"
            ],
            "index": "pypi",
            "markers": "python_version >= '3.9'",
            "version": "==26.4.0"
        },
        "greenlet": {
            "hashes": [
                "sha256:04633da773ae432649a3f092a8e4add390732cc9e1ab52c8ff2c91b8dc86f202",
                "sha256:04e6a202cde56043fd355fefd1552c4caa5c087528121871d950eb4f1b51fa99",
                "sha256:050703a60603db0e817364d69e048c70af299040c13a7e67792b9e62d4571196",
                "sha256:0bc06a78fa3ffbe2a75f1ebc7e040eacf6fa1050a9432953ab111fbbbf0d03c1",
                "sha256:0d2a78e6f1bf3f1672df91e212a2f8314e1e7c922f065d14cbad4bc815059467",
                "sha256:15871afc0d78ec87d15d8412b337f287fc69f8f669346e391585824970931c48",
                "sha256:2acb30e77042f747ca81f0a10cc153296567e92e666c5e1b117f4595afd43352",
                "sha256:2c7429f6e9cea7cbf2637d86d3db12806ba970f7f972fcab39d6b54b4457cbaf",
                "sha256:34cc7cf8ab6f4b85298b01e13e881265ee7b3c1daf6bc10a2944abc15d4f87c3",
                "sha256:3828b309dfb1f117fe54867512a8265d8d4f00f8de6908eef9b885f4d8789062",
                "sha256:393c03c26c865f17f31d8db2f09603fadbe0581ad85a5d5908b131549fc38217",
                "sha256:4544ab2cfd5912e42458b13516429e029f87d8bbcdc8d5506db772941ae12493",
                "sha256:45fcea7b697b91290b36eafc12fff479aca6ba6500d98ef6f34d5634c7119cbe",
                "sha256:472841de62d60f2cafd60edd4fd4dd7253eb70e6eaf14b8990dcaf177f4af957",
                "sha256:499b809e7738c8af0ff9ac9d5dd821cb93f4293065a9237543217f0b252f950a",
                "sha256:5bf0d7d62e356ef2e87e55e46a4e930ac165f9372760fb983b5631bb479e9d3a",
                "sha256:5ceb29d1f74c7280befbbfa27b9bf91ba4a07a1a00b2179a5d953fc219b16c42",
                "sha256:60c06b502d56d5451f60ca665691da29f79ed95e247bcf8ce5024d7bbe64acb9",
                "sha256:6712bfd520530eb67331813f7112d3ee18e206f48b3d026d8a96cd2d2ad20251",
                "sha256:67725ae9fea62c95cf1aa230f1b8d4dc38f7cd14f6103d1df8a5a95657eb8e54",
                "sha256:6dff6433742073e5b6ad40953a78a0e8cddcb3f6869e5ea635d29a810ca5e7d0",
                "sha256:6e8fe0c72603201a86b2e038daf9b6c8570715f8779566419cff543b6ace88de",
                "sha256:7123b29e6bad2f3f89681be4ef316480fca798ebe8d22fbaced9cc3775007a4f",
                "sha256:752c896a8c976548faafe8a306d446c6a4c68d4fd24699b84d4393bd9ac69a8e",
                "sha256:7d951e7d628a6e8b68af469f0fe4f100ef64c4054abeb9cdafbfaa30a920c950",
                "sha256:87b791dd0e031a574249af717ac36f7031b18c35329561c1e0368201c18caf1f",
                "sha256:a145f4b1c4ed7a2c94561b7f18b4beec3d3fb6f0580db22f7ed1d544e0620b34",
                "sha256:a5e4b25e855800fba17713020c5c33e0a4b7a1829027719344f0c7c8870092a2",
                "sha256:ac8db07bced2c39b987bba13a3195f8157b0cfbce54488f86919321444a1cc3c",
                "sha256:acabf468466d18017e2ae5fbf1a5a88b86b48983e550e1ae1437b69a83d9f4ac",
                "sha256:bd593db7ee1fa8a513a48a404f8cc4126998a48025e3f5cbbc68d51be0a6bf66",
                "sha256:bdd67619cefe1cc9fcab57c8853d2bb36eca9f166c0058cc0d428d471f7c785c",
                "sha256:c11fe0cfb0ce33132f0b5d27eeadd1954976a82e5e9b60909ec2c4b884a55382",
                "sha256:c5445ddb7b586d870dad32ca9fc47c287d6022a528d194efdb8912093c5303ad",
                "sha256:c816554eb33e7ecf9ba4defcb1fd8c994e59be6b4110da15480b3e7447ea4286",
                "sha256:c8317d732e2ae0935d9ed2af2ea876fa714cf6f3b887a31ca150b54329b0a6e9",
                "sha256:cc1d01bdd67db3e5711e6246e451d7a0f75fae7bbf40adde129296a7f9aa7cc9",
                "sha256:ce8aed6fdd5e07d3cbb988cbdc188266a4eb9e1a52db9ef5c6526e59962d3933",
                "sha256:d5583b2ffa677578a384337ee13125bdf9a427485d689014b39d638a4f3d8dbe",
                "sha256:d7456e67b0be653dfe643bb37d9566cd30939c80f858e2ce6d2d54951f75b14a",
                "sha256:dbe0e81e24982bb45907ca20152b31c2e3300ca352fdc4acbd4956e4a2cbc195",
                "sha256:e3f03ddd7142c758ab41c18089a1407b9959bd276b4e6dfbd8fd06403832c87a",
                "sha256:e66872daffa360b2537170b73ad530f14fa31785b1bc78080125d92edf0a6def",
                "sha256:edbf4ab9a7057ee430a678fe2ef37ea5d69125d6bdc7feb42ed8d871c737e63b",
                "sha256:f2cc88b50b9006b324c1b9f5f3552f9d4564c78af57cdfb4c7baf4f0aa089146",
                "sha256:f96e2bb8a56b7e1aed1dbfbbe0050cb2ecca99c7c91892fd1771e3afab63b3e3",
                "sha256:fd904626b8779810062cb455514594776e3cba3b8c0ba4939894df9f7b384971"
            ],
            "markers": "python_version >= '3.9'",
            "version": "==3.2.5"
        },
        "lark-parser": {
            "hashes": [
                "sha256:062800f3823a6c733ec1d181a2089a22d1f62dbe65f90a3f6b1e6de1934b05ef"
            ],
            "version": "==0.6.7"
        },
        "setuptools": {
            "hashes": [
                "sha256:7d872682c5d01cfde07da7bccc7b65469d3dca203318515ada1de5eda35efbf9",
                "sha256:a59e362652f08dcd477c78bb6e7bd9d80a7995bc73ce773050228a348ce2e5bb"
            ],
            "markers": "python_version >= '3.9'",
            "version": "==82.0.1"
        },
        "syslog-rfc5424-parser": {
            "hashes": [
                "sha256:6134ee1958da89ab7f8d32ed5370a49ddabcc99d75a950b6ec59708417f20a7a",
                "sha256:80a9239d4da404a271266000f4c5f00a183af3d03d53d19d7052c8272430bee9"
            ],
            "index": "pypi",
            "version": "==0.3.2"
        },
        "syslogmp": {
            "hashes": [
                "sha256:bcf94858407cf8993e9bf73dc306157f087db6c66503e74853d0a95bf6a4f0fb",
                "sha256:c25215db4b167d333c829d6e2afd83d7c8fb2ce3957f1b64019fac527398ca23"
            ],
            "index": "pypi",
            "version": "==0.4"
        },
        "zope.event": {
            "hashes": [
                "sha256:0ebac894fa7c5f8b7a89141c272133d8c1de6ddc75ea4b1f327f00d1f890df92",
                "sha256:6f0922593407cc673e7d8766b492c519f91bdc99f3080fe43dcec0a800d682a3"
            ],
            "markers": "python_version >= '3.9'",
            "version": "==6.0"
        },
        "zope.interface": {
            "hashes": [
                "sha256:029ea1db7e855a475bf88d9910baab4e94d007a054810e9007ac037a91c67c6f",
                "sha256:0beb3e7f7dc153944076fcaf717a935f68d39efa9fce96ec97bafcc0c2ea6cab",
                "sha256:110c73ddf974b369ef3c6e7b0d87d44673cf4914eba3fe8a33bfb21c6c606ad8",
                "sha256:115f27c1cc95ce7a517d960ef381beedb0a7ce9489645e80b9ab3cbf8a78799c",
                "sha256:23f82ef9b2d5370750cc1bf883c3b94c33d098ce08557922a3fbc7ff3b63dfe1",
                "sha256:29be8db8b712d94f1c05e24ea230a879271d787205ba1c9a6100d1d81f06c69a",
                "sha256:35a1565d5244997f2e629c5c68715b3d9d9036e8df23c4068b08d9316dcb2822",
                "sha256:4bd01022d2e1bce4a4a4ed9549edb25393c92e607d7daa6deff843f1f68b479d",
                "sha256:51ae1b856565b30455b7879fdf0a56a88763b401d3f814fa9f9542d7410dbd7e",
                "sha256:64a43f5280aa770cbafd0307cb3d1ff430e2a1001774e8ceb40787abe4bb6658",
                "sha256:64fa7b206dd9669f29d5c1241a768bebe8ab1e8a4b63ee16491f041e058c09d0",
                "sha256:6d965347dd1fb9e9a53aa852d4ded46b41ca670d517fd54e733a6b6a4d0561c2",
                "sha256:758803806b962f32c87b31bb18c298b022965ba34fe532163831cc39118c24ab",
                "sha256:7844765695937d9b0d83211220b72e2cf6ac81a08608ad2b58f2c094af498d83",
                "sha256:7b915cf7e747b5356d741be79a153aa9107e8923bc93bcd65fc873caf0fb5c50",
                "sha256:87e6b089002c43231fb9afec89268391bcc7a3b66e76e269ffde19a8112fb8d5",
                "sha256:9a3b8bb77a4b89427a87d1e9eb969ab05e38e6b4a338a9de10f6df23c33ec3c2",
                "sha256:9e9bdca901c1bcc34e438001718512c65b3b8924aabcd732b6e7a7f0cd715f17",
                "sha256:a0016ca85f93b938824e2f9a43534446e95134a2945b084944786e1ace2020bc",
                "sha256:af655c573b84e3cb6a4f6fd3fbe04e4dc91c63c6b6f99019b3713ef964e589bc",
                "sha256:b2737c11c34fb9128816759864752d007ec4f987b571c934c30723ed881a7a4f",
                "sha256:b84464a9fcf801289fa8b15bfc0829e7855d47fb4a8059555effc6f2d1d9a613",
                "sha256:bbd22d4801ad3e8ec704ba9e3e6a4ac2e875e4d77e363051ccb76153d24c5519",
                "sha256:c7cc027fc5c61c5d69e5080c30b66382f454f43dc379c463a38e78a9c6bab71a",
                "sha256:cf66e4bf731aa7e0ced855bb3670e8cda772f6515a475c6a107bad5cb6604103",
                "sha256:d2e7596149cb1acd1d4d41b9f8fe2ffc0e9e29e2e91d026311814181d0d9efaf",
                "sha256:eba5610d042c3704a48222f7f7c6ab5b243ed26f917e2bc69379456b115e02d1",
                "sha256:f7c4bc4021108847bce763673ce70d0716b08dfc2ba9889e7bad46ac2b3bb924",
                "sha256:f8e88f35f86bbe8243cad4b2972deef0fdfca0a0723455abbebdc83bbab96b69",
                "sha256:fcf9097ff3003b7662299f1c25145e15260ec2a27f9a9e69461a585d79ca8552",
                "sha256:fd7195081b8637eeed8d73e4d183b07199a1dc738fb28b3de6666b1b55662570"
            ],
            "markers": "python_version >= '3.9'",
            "version": "==8.0.1"
        }
    },
    "develop": {}
}
