{
    "_meta": {
        "hash": {
            "sha256": "b9d8a5ef5c2a8bcdcee3bd6da6513e070b415e5963abafaaa4fb841d55744d03"
        },
        "pipfile-spec": 6,
        "requires": {
            "python_version": "3.10"
        },
        "sources": [
            {
                "name": "pypi",
                "url": "https://pypi.org/simple",
                "verify_ssl": true
            }
        ]
    },
    "default": {
        "attrs": {
            "hashes": [
                "sha256:427318ce031701fea540783410126f03899a97ffc6f61596ad581ac2e40e3bc3",
                "sha256:75d7cefc7fb576747b2c81b4442d4d4a1ce0900973527c011d1030fd3bf4af1b"
            ],
            "markers": "python_version >= '3.8'",
            "version": "==25.3.0"
        },
        "beautifulsoup4": {
            "hashes": [
                "sha256:288e3ca7d54b06f2ac191970bc275c1939cb46d450b255bf6718b04aa37ab4f7",
                "sha256:d6f88de62e1d4e38ecb1077eb9724cd0eff29d2a08ca16a401e9b9e93f117cf9"
            ],
            "index": "pypi",
            "markers": "python_full_version >= '3.7.0'",
            "version": "==4.15.0"
        },
        "click": {
            "hashes": [
                "sha256:9a6cea6e60b17ebe0a44c5cc636d94f09bd66142c1cd7d8b4cd731c4917a15f6",
                "sha256:e6f9f66136c816745b9d65817da91d61d957fb16e02e4dcd0552553c5a197b76"
            ],
            "markers": "python_version >= '3.10'",
            "version": "==8.4.2"
        },
        "defusedxml": {
            "hashes": [
                "sha256:1bb3032db185915b62d7c6209c5a8792be6a32ab2fedacc84e01b52c51aa3e69",
                "sha256:a352e7e428770286cc899e2542b6cdaedb2b4953ff269a210103ec58f6198a61"
            ],
            "markers": "python_version >= '2.7' and python_version not in '3.0, 3.1, 3.2, 3.3, 3.4'",
            "version": "==0.7.1"
        },
        "dill": {
            "hashes": [
                "sha256:1e1ce33e978ae97fcfcff5638477032b801c46c7c65cf717f95fbc2248f79a9d",
                "sha256:423092df4182177d4d8ba8290c8a5b640c66ab35ec7da59ccfa00f6fa3eea5fa"
            ],
            "index": "pypi",
            "markers": "python_version >= '3.9'",
            "version": "==0.4.1"
        },
        "eli5": {
            "hashes": [
                "sha256:6d8ab55b3535f8feecf4f98dbaadd6876121e5a2549735635cf71707d34bd47c",
                "sha256:b81256483591542fe69a1c62d4dea4a2f2f75afa81559c237856c9c6ead62ab4"
            ],
            "index": "pypi",
            "markers": "python_version >= '3.9'",
            "version": "==0.16.0"
        },
        "graphviz": {
            "hashes": [
                "sha256:09d6bc81e6a9fa392e7ba52135a9d49f1ed62526f96499325930e87ca1b5925d",
                "sha256:81f848f2904515d8cd359cc611faba817598d2feaac4027b266aa3eda7b3dde5"
            ],
            "markers": "python_version >= '3.8'",
            "version": "==0.20.3"
        },
        "jinja2": {
            "hashes": [
                "sha256:0137fb05990d35f1275a587e9aee6d56da821fc83491a0fb838183be43f66d6d",
                "sha256:85ece4451f492d0c13c5dd7c13a64681a86afae63a5f347908daf103ce6d2f67"
            ],
            "markers": "python_version >= '3.7'",
            "version": "==3.1.6"
        },
        "joblib": {
            "hashes": [
                "sha256:5fc3c5039fc5ca8c0276333a188bbd59d6b7ab37fe6632daa76bc7f9ec18e713",
                "sha256:8561a3269e6801106863fd0d6d84bb737be9e7631e33aaed3fb9ce5953688da3"
            ],
            "markers": "python_version >= '3.9'",
            "version": "==1.5.3"
        },
        "markupsafe": {
            "hashes": [
                "sha256:0bff5e0ae4ef2e1ae4fdf2dfd5b76c75e5c2fa4132d05fc1b0dabcd20c7e28c4",
                "sha256:0f4ca02bea9a23221c0182836703cbf8930c5e9454bacce27e767509fa286a30",
                "sha256:1225beacc926f536dc82e45f8a4d68502949dc67eea90eab715dea3a21c1b5f0",
                "sha256:131a3c7689c85f5ad20f9f6fb1b866f402c445b220c19fe4308c0b147ccd2ad9",
                "sha256:15ab75ef81add55874e7ab7055e9c397312385bd9ced94920f2802310c930396",
                "sha256:1a9d3f5f0901fdec14d8d2f66ef7d035f2157240a433441719ac9a3fba440b13",
                "sha256:1c99d261bd2d5f6b59325c92c73df481e05e57f19837bdca8413b9eac4bd8028",
                "sha256:1e084f686b92e5b83186b07e8a17fc09e38fff551f3602b249881fec658d3eca",
                "sha256:2181e67807fc2fa785d0592dc2d6206c019b9502410671cc905d132a92866557",
                "sha256:2cb8438c3cbb25e220c2ab33bb226559e7afb3baec11c4f218ffa7308603c832",
                "sha256:3169b1eefae027567d1ce6ee7cae382c57fe26e82775f460f0b2778beaad66c0",
                "sha256:3809ede931876f5b2ec92eef964286840ed3540dadf803dd570c3b7e13141a3b",
                "sha256:38a9ef736c01fccdd6600705b09dc574584b89bea478200c5fbf112a6b0d5579",
                "sha256:3d79d162e7be8f996986c064d1c7c817f6df3a77fe3d6859f6f9e7be4b8c213a",
                "sha256:444dcda765c8a838eaae23112db52f1efaf750daddb2d9ca300bcae1039adc5c",
                "sha256:48032821bbdf20f5799ff537c7ac3d1fba0ba032cfc06194faffa8cda8b560ff",
                "sha256:4aa4e5faecf353ed117801a068ebab7b7e09ffb6e1d5e412dc852e0da018126c",
                "sha256:52305740fe773d09cffb16f8ed0427942901f00adedac82ec8b67752f58a1b22",
                "sha256:569511d3b58c8791ab4c2e1285575265991e6d8f8700c7be0e88f86cb0672094",
                "sha256:57cb5a3cf367aeb1d316576250f65edec5bb3be939e9247ae594b4bcbc317dfb",
                "sha256:5b02fb34468b6aaa40dfc198d813a641e3a63b98c2b05a16b9f80b7ec314185e",
                "sha256:6381026f158fdb7c72a168278597a5e3a5222e83ea18f543112b2662a9b699c5",
                "sha256:6af100e168aa82a50e186c82875a5893c5597a0c1ccdb0d8b40240b1f28b969a",
                "sha256:6c89876f41da747c8d3677a2b540fb32ef5715f97b66eeb0c6b66f5e3ef6f59d",
                "sha256:6e296a513ca3d94054c2c881cc913116e90fd030ad1c656b3869762b754f5f8a",
                "sha256:70a87b411535ccad5ef2f1df5136506a10775d267e197e4cf531ced10537bd6b",
                "sha256:7e94c425039cde14257288fd61dcfb01963e658efbc0ff54f5306b06054700f8",
                "sha256:846ade7b71e3536c4e56b386c2a47adf5741d2d8b94ec9dc3e92e5e1ee1e2225",
                "sha256:88416bd1e65dcea10bc7569faacb2c20ce071dd1f87539ca2ab364bf6231393c",
                "sha256:88b49a3b9ff31e19998750c38e030fc7bb937398b1f78cfa599aaef92d693144",
                "sha256:8c4e8c3ce11e1f92f6536ff07154f9d49677ebaaafc32db9db4620bc11ed480f",
                "sha256:8e06879fc22a25ca47312fbe7c8264eb0b662f6db27cb2d3bbbc74b1df4b9b87",
                "sha256:9025b4018f3a1314059769c7bf15441064b2207cb3f065e6ea1e7359cb46db9d",
                "sha256:93335ca3812df2f366e80509ae119189886b0f3c2b81325d39efdb84a1e2ae93",
                "sha256:9778bd8ab0a994ebf6f84c2b949e65736d5575320a17ae8984a77fab08db94cf",
                "sha256:9e2d922824181480953426608b81967de705c3cef4d1af983af849d7bd619158",
                "sha256:a123e330ef0853c6e822384873bef7507557d8e4a082961e1defa947aa59ba84",
                "sha256:a904af0a6162c73e3edcb969eeeb53a63ceeb5d8cf642fade7d39e7963a22ddb",
                "sha256:ad10d3ded218f1039f11a75f8091880239651b52e9bb592ca27de44eed242a48",
                "sha256:b424c77b206d63d500bcb69fa55ed8d0e6a3774056bdc4839fc9298a7edca171",
                "sha256:b5a6b3ada725cea8a5e634536b1b01c30bcdcd7f9c6fff4151548d5bf6b3a36c",
                "sha256:ba8062ed2cf21c07a9e295d5b8a2a5ce678b913b45fdf68c32d95d6c1291e0b6",
                "sha256:ba9527cdd4c926ed0760bc301f6728ef34d841f405abf9d4f959c478421e4efd",
                "sha256:bbcb445fa71794da8f178f0f6d66789a28d7319071af7a496d4d507ed566270d",
                "sha256:bcf3e58998965654fdaff38e58584d8937aa3096ab5354d493c77d1fdd66d7a1",
                "sha256:c0ef13eaeee5b615fb07c9a7dadb38eac06a0608b41570d8ade51c56539e509d",
                "sha256:cabc348d87e913db6ab4aa100f01b08f481097838bdddf7c7a84b7575b7309ca",
                "sha256:cdb82a876c47801bb54a690c5ae105a46b392ac6099881cdfb9f6e95e4014c6a",
                "sha256:cfad01eed2c2e0c01fd0ecd2ef42c492f7f93902e39a42fc9ee1692961443a29",
                "sha256:d16a81a06776313e817c951135cf7340a3e91e8c1ff2fac444cfd75fffa04afe",
                "sha256:d8213e09c917a951de9d09ecee036d5c7d36cb6cb7dbaece4c71a60d79fb9798",
                "sha256:e07c3764494e3776c602c1e78e298937c3315ccc9043ead7e685b7f2b8d47b3c",
                "sha256:e17c96c14e19278594aa4841ec148115f9c7615a47382ecb6b82bd8fea3ab0c8",
                "sha256:e444a31f8db13eb18ada366ab3cf45fd4b31e4db1236a4448f68778c1d1a5a2f",
                "sha256:e6a2a455bd412959b57a172ce6328d2dd1f01cb2135efda2e4576e8a23fa3b0f",
                "sha256:eaa0a10b7f72326f1372a713e73c3f739b524b3af41feb43e4921cb529f5929a",
                "sha256:eb7972a85c54febfb25b5c4b4f3af4dcc731994c7da0d8a0b4a6eb0640e1d178",
                "sha256:ee55d3edf80167e48ea11a923c7386f4669df67d7994554387f84e7d8b0a2bf0",
                "sha256:f3818cb119498c0678015754eba762e0d61e5b52d34c8b13d770f0719f7b1d79",
                "sha256:f8b3d067f2e40fe93e1ccdd6b2e1d16c43140e76f02fb1319a05cf2b79d99430",
                "sha256:fcabf5ff6eea076f859677f5f0b6b5c1a51e70a376b0579e0eadef8db48c6b50"
            ],
            "markers": "python_version >= '3.9'",
            "version": "==3.0.2"
        },
        "networkx": {
            "hashes": [
                "sha256:230d388117af870fce5647a3c52401fcf753e94720e6ea6b4197a5355648885e",
                "sha256:e435dfa75b1d7195c7b8378c3859f0445cd88c6b0375c181ed66823a9ceb7524"
            ],
            "index": "pypi",
            "markers": "python_version >= '3.8'",
            "version": "==2.8.8"
        },
        "nltk": {
            "hashes": [
                "sha256:2c7ccacb765c5e26b0cb60fb1b57080af522c6924d12a714a243305ba3637412",
                "sha256:fcfd80fb77931868cea8357573c79838b8abc609942ef9914d1c9f6070d4645c"
            ],
            "index": "pypi",
            "markers": "python_version >= '3.10'",
            "version": "==3.10.2"
        },
        "numpy": {
            "hashes": [
                "sha256:038613e9fb8c72b0a41f025a7e4c3f0b7a1b5d768ece4796b674c8f3fe13efff",
                "sha256:0678000bb9ac1475cd454c6b8c799206af8107e310843532b04d49649c717a47",
                "sha256:0811bb762109d9708cca4d0b13c4f67146e3c3b7cf8d34018c722adb2d957c84",
                "sha256:0b605b275d7bd0c640cad4e5d30fa701a8d59302e127e5f79138ad62762c3e3d",
                "sha256:0bca768cd85ae743b2affdc762d617eddf3bcf8724435498a1e80132d04879e6",
                "sha256:1bc23a79bfabc5d056d106f9befb8d50c31ced2fbc70eedb8155aec74a45798f",
                "sha256:287cc3162b6f01463ccd86be154f284d0893d2b3ed7292439ea97eafa8170e0b",
                "sha256:37c0ca431f82cd5fa716eca9506aefcabc247fb27ba69c5062a6d3ade8cf8f49",
                "sha256:37e990a01ae6ec7fe7fa1c26c55ecb672dd98b19c3d0e1d1f326fa13cb38d163",
                "sha256:389d771b1623ec92636b0786bc4ae56abafad4a4c513d36a55dce14bd9ce8571",
                "sha256:3d70692235e759f260c3d837193090014aebdf026dfd167834bcba43e30c2a42",
                "sha256:41c5a21f4a04fa86436124d388f6ed60a9343a6f767fced1a8a71c3fbca038ff",
                "sha256:481b49095335f8eed42e39e8041327c05b0f6f4780488f61286ed3c01368d491",
                "sha256:4eeaae00d789f66c7a25ac5f34b71a7035bb474e679f410e5e1a94deb24cf2d4",
                "sha256:55a4d33fa519660d69614a9fad433be87e5252f4b03850642f88993f7b2ca566",
                "sha256:5a6429d4be8ca66d889b7cf70f536a397dc45ba6faeb5f8c5427935d9592e9cf",
                "sha256:5bd4fc3ac8926b3819797a7c0e2631eb889b4118a9898c84f585a54d475b7e40",
                "sha256:5beb72339d9d4fa36522fc63802f469b13cdbe4fdab4a288f0c441b74272ebfd",
                "sha256:6031dd6dfecc0cf9f668681a37648373bddd6421fff6c66ec1624eed0180ee06",
                "sha256:71594f7c51a18e728451bb50cc60a3ce4e6538822731b2933209a1f3614e9282",
                "sha256:74d4531beb257d2c3f4b261bfb0fc09e0f9ebb8842d82a7b4209415896adc680",
                "sha256:7befc596a7dc9da8a337f79802ee8adb30a552a94f792b9c9d18c840055907db",
                "sha256:894b3a42502226a1cac872f840030665f33326fc3dac8e57c607905773cdcde3",
                "sha256:8e41fd67c52b86603a91c1a505ebaef50b3314de0213461c7a6e99c9a3beff90",
                "sha256:8e9ace4a37db23421249ed236fdcdd457d671e25146786dfc96835cd951aa7c1",
                "sha256:8fc377d995680230e83241d8a96def29f204b5782f371c532579b4f20607a289",
                "sha256:9551a499bf125c1d4f9e250377c1ee2eddd02e01eac6644c080162c0c51778ab",
                "sha256:b0544343a702fa80c95ad5d3d608ea3599dd54d4632df855e4c8d24eb6ecfa1c",
                "sha256:b093dd74e50a8cba3e873868d9e93a85b78e0daf2e98c6797566ad8044e8363d",
                "sha256:b412caa66f72040e6d268491a59f2c43bf03eb6c96dd8f0307829feb7fa2b6fb",
                "sha256:b4f13750ce79751586ae2eb824ba7e1e8dba64784086c98cdbbcc6a42112ce0d",
                "sha256:b64d8d4d17135e00c8e346e0a738deb17e754230d7e0810ac5012750bbd85a5a",
                "sha256:ba10f8411898fc418a521833e014a77d3ca01c15b0c6cdcce6a0d2897e6dbbdf",
                "sha256:bd48227a919f1bafbdda0583705e547892342c26fb127219d60a5c36882609d1",
                "sha256:c1f9540be57940698ed329904db803cf7a402f3fc200bfe599334c9bd84a40b2",
                "sha256:c820a93b0255bc360f53eca31a0e676fd1101f673dda8da93454a12e23fc5f7a",
                "sha256:ce47521a4754c8f4593837384bd3424880629f718d87c5d44f8ed763edd63543",
                "sha256:d042d24c90c41b54fd506da306759e06e568864df8ec17ccc17e9e884634fd00",
                "sha256:de749064336d37e340f640b05f24e9e3dd678c57318c7289d222a8a2f543e90c",
                "sha256:e1dda9c7e08dc141e0247a5b8f49cf05984955246a327d4c48bda16821947b2f",
                "sha256:e29554e2bef54a90aa5cc07da6ce955accb83f21ab5de01a62c8478897b264fd",
                "sha256:e3143e4451880bed956e706a3220b4e5cf6172ef05fcc397f6f36a550b1dd868",
                "sha256:e8213002e427c69c45a52bbd94163084025f533a55a59d6f9c5b820774ef3303",
                "sha256:efd28d4e9cd7d7a8d39074a4d44c63eda73401580c5c76acda2ce969e0a38e83",
                "sha256:f0fd6321b839904e15c46e0d257fdd101dd7f530fe03fd6359c1ea63738703f3",
                "sha256:f1372f041402e37e5e633e586f62aa53de2eac8d98cbfb822806ce4bbefcb74d",
                "sha256:f2618db89be1b4e05f7a1a847a9c1c0abd63e63a1607d892dd54668dd92faf87",
                "sha256:f447e6acb680fd307f40d3da4852208af94afdfab89cf850986c3ca00562f4fa",
                "sha256:f92729c95468a2f4f15e9bb94c432a9229d0d50de67304399627a943201baa2f",
                "sha256:f9f1adb22318e121c5c69a09142811a201ef17ab257a1e66ca3025065b7f53ae",
                "sha256:fc0c5673685c508a142ca65209b4e79ed6740a4ed6b2267dbba90f34b0b3cfda",
                "sha256:fc7b73d02efb0e18c000e9ad8b83480dfcd5dfd11065997ed4c6747470ae8915",
                "sha256:fd83c01228a688733f1ded5201c678f0c53ecc1006ffbc404db9f7a899ac6249",
                "sha256:fe27749d33bb772c80dcd84ae7e8df2adc920ae8297400dabec45f0dedb3f6de",
                "sha256:fee4236c876c4e8369388054d02d0e9bb84821feb1a64dd59e137e6511a551f8"
            ],
            "index": "pypi",
            "markers": "python_version >= '3.10'",
            "version": "==2.2.6"
        },
        "pandas": {
            "hashes": [
                "sha256:14e45300521902689a81f3f41386dc86f19b8ba8dd5ac5a3c7010ef8d2932813",
                "sha256:26d9c71772c7afb9d5046e6e9cf42d83dd147b5cf5bcb9d97252077118543792",
                "sha256:3749077d86e3a2f0ed51367f30bf5b82e131cc0f14260c4d3e499186fccc4406",
                "sha256:41179ce559943d83a9b4bbacb736b04c928b095b5f25dd2b7389eda08f46f373",
                "sha256:478ff646ca42b20376e4ed3fa2e8d7341e8a63105586efe54fa2508ee087f328",
                "sha256:50869a35cbb0f2e0cd5ec04b191e7b12ed688874bd05dd777c19b28cbea90996",
                "sha256:565fa34a5434d38e9d250af3c12ff931abaf88050551d9fbcdfafca50d62babf",
                "sha256:5f2b952406a1588ad4cad5b3f55f520e82e902388a6d5a4a91baa8d38d23c7f6",
                "sha256:5fbcb19d6fceb9e946b3e23258757c7b225ba450990d9ed63ccceeb8cae609f7",
                "sha256:6973549c01ca91ec96199e940495219c887ea815b2083722821f1d7abfa2b4dc",
                "sha256:74a3fd7e5a7ec052f183273dc7b0acd3a863edf7520f5d3a1765c04ffdb3b0b1",
                "sha256:7a0a56cef15fd1586726dace5616db75ebcfec9179a3a55e78f72c5639fa2a23",
                "sha256:7cec0bee9f294e5de5bbfc14d0573f65526071029d036b753ee6507d2a21480a",
                "sha256:87bd9c03da1ac870a6d2c8902a0e1fd4267ca00f13bc494c9e5a9020920e1d51",
                "sha256:972d8a45395f2a2d26733eb8d0f629b2f90bebe8e8eddbb8829b180c09639572",
                "sha256:9842b6f4b8479e41968eced654487258ed81df7d1c9b7b870ceea24ed9459b31",
                "sha256:9f69c4029613de47816b1bb30ff5ac778686688751a5e9c99ad8c7031f6508e5",
                "sha256:a50d9a4336a9621cab7b8eb3fb11adb82de58f9b91d84c2cd526576b881a0c5a",
                "sha256:bc4c368f42b551bf72fac35c5128963a171b40dce866fb066540eeaf46faa003",
                "sha256:c39a8da13cede5adcd3be1182883aea1c925476f4e84b2807a46e2775306305d",
                "sha256:c3ac844a0fe00bfaeb2c9b51ab1424e5c8744f89860b138434a363b1f620f354",
                "sha256:c4c00e0b0597c8e4f59e8d461f797e5d70b4d025880516a8261b2817c47759ee",
                "sha256:c74a62747864ed568f5a82a49a23a8d7fe171d0c69038b38cedf0976831296fa",
                "sha256:dd05f7783b3274aa206a1af06f0ceed3f9b412cf665b7247eacd83be41cf7bf0",
                "sha256:dfd681c5dc216037e0b0a2c821f5ed99ba9f03ebcf119c7dac0e9a7b960b9ec9",
                "sha256:e474390e60ed609cec869b0da796ad94f420bb057d86784191eefc62b65819ae",
                "sha256:f76d097d12c82a535fda9dfe5e8dd4127952b45fea9b0276cb30cca5ea313fbc"
            ],
            "index": "pypi",
            "markers": "python_version >= '3.8'",
            "version": "==1.5.3"
        },
        "python-dateutil": {
            "hashes": [
                "sha256:0123cacc1627ae19ddf3c27a5de5bd67ee4586fbdd6440d9748f8abb483d3e86",
                "sha256:961d03dc3453ebbc59dbdea9e4e11c5651520a876d0f4db161e8674aae935da9"
            ],
            "markers": "python_version >= '2.7' and python_version not in '3.0, 3.1, 3.2, 3.3'",
            "version": "==2.8.2"
        },
        "pytz": {
            "hashes": [
                "sha256:7b4fddbeb94a1eba4b557da24f19fdf9db575192544270a9101d8509f9f43d7b",
                "sha256:ce42d816b81b68506614c11e8937d3aa9e41007ceb50bfdcb0749b921bf646c7"
            ],
            "version": "==2023.3.post1"
        },
        "regex": {
            "hashes": [
                "sha256:062f8cb7a9739c4835d22bd96f370c59aba89f257adcfa53be3cc209e08d3ae0",
                "sha256:064f1760a5a4ade65c5419be23e782f29147528e8a66e0c42dd4cedb8d4e9fc6",
                "sha256:09523a592938aa9f587fb74467c63ff0cf88fc3df14c82ab0f0517dcf76aaa62",
                "sha256:09d3007fc76249a83cdd33de160d50e6cb77f54e09d8fa9e7148e10607ce24af",
                "sha256:09f3e5287f94f17b709dc9a9e70865855feee835c861613be144218ce4ca82cc",
                "sha256:0c41c63992bf1874cebb6e7f56fd7d3c007924659a604ae3d90e427d40d4fd13",
                "sha256:0e9554c8785eac5cffe6300f69a91f58ba72bc88a5f8d661235ad7c6aa5b8ccd",
                "sha256:1123ef4211d763ee771d47916a1596e2f4915794f7aabdc1adcb20e4249a6951",
                "sha256:15b364b9b98d6d2fe1a85034c23a3180ff913f46caddc3895f6fd65186255ccc",
                "sha256:1649eb39fcc9ea80c4d2f110fde2b8ab2aef3877b98f02ab9b14e961f418c511",
                "sha256:17ed5692f6acc4183e98331101a5f9e4f64d72fe58b753da4d444a2c77d05b12",
                "sha256:199535629f25caf89698039af3d1ad5fcae7f933e2112c73f1cdf49165c99518",
                "sha256:1c398716054621aa300b3d411f467dda903806c5da0df6945ab73982b8d115db",
                "sha256:1d3372064506b94dd2c67c845f2db8062e9e9ba84d04e33cb96d7d33c11fe1ae",
                "sha256:1d58561843f0ff7dc78b4c28b5e2dc388f3eff94ebc8a232a3adba961fc00009",
                "sha256:1d793a7988e04fcb1e2e135567443d82173225d657419ec09414a9b5a145b986",
                "sha256:1ebac3474b8589fce2f9b225b650afd61448f7c73a5d0255a10cc6366471aed1",
                "sha256:20568e182eb82d39a6bf7cff3fd58566f14c75c6f74b2c8c96537eecf9010e3a",
                "sha256:22a992de9a0d91bda927bf02b94351d737a0302905432c88a53de7c4b9ce62e2",
                "sha256:2955907b7157a6660f27079edf7e0229e9c9c5325c77a2ef6a890cba91efa6f0",
                "sha256:2c4e61e2e1be56f63ec3cc618aa9e0de81ef6f43d177205451840022e24f5b78",
                "sha256:2cc3460cedf7579948486eab03bc9ad7089df4d7281c0f47f4afe03e8d13f02d",
                "sha256:2ce9e679f776649746729b6c86382da519ef649c8e34cc41df0d2e5e0f6c36d4",
                "sha256:2ef7eeb108c47ce7bcc9513e51bcb1bf57e8f483d52fce68a8642e3527141ae0",
                "sha256:3080a7fd38ef049bd489e01c970c97dd84ff446a885b0f1f6b26d9b1ad13ce11",
                "sha256:343a4504e3fb688c47cad451221ca5d4814f42b1e16c0065bde9cbf7f473bd52",
                "sha256:36aacfb15faaff3ced55afbf35ec72f50d4aee22082c4f7fe0573a33e2fca92e",
                "sha256:3d3143f159261b1ce5b24c261c590e5913370c3200c5e9ebbb92b5aa5e111902",
                "sha256:40b34dd88658e4fedd2fddbf0275ac970d00614b731357f425722a3ed1983d11",
                "sha256:4458124d71339f505bf1fb94f69fd1bb8fa9d2481eebfef27c10ef4f2b9e12f6",
                "sha256:4896db1f4ce0576765b8272aa922df324e0f5b9bb2c3d03044ff32a7234a9aba",
                "sha256:4a0530bb1b8c1c985e7e2122e2b4d3aedd8a3c21c6bfddae6767c4405668b56e",
                "sha256:4aa5435cdb3eb6f55fe98a171b05e3fbcd95fadaa4aa32acf62afd9b0cfdbcac",
                "sha256:4c3501bfa814ab07b5580741f9bf78dfdfe146a04057f82df9e2402d2a975939",
                "sha256:4e5413bd5f13d3a4e3539ca98f70f75e7fca92518dd7f117f030ebedd10b60cb",
                "sha256:4e6883a021db30511d9fb8cfb0f222ce1f2c369f7d4d8b0448f449a93ba0bdfc",
                "sha256:52579c60a6078be70a0e49c81d6e56d677f34cd439af281a0083b8c7bc75c095",
                "sha256:555497390743af1a65045fa4527782d10ff5b88970359412baa4a1e628fe393b",
                "sha256:56ad4d9f77df871a99e25c37091052a02528ec0eb059de928ee33956b854b45b",
                "sha256:571fde9741eb0ccde23dd4e0c1d50fbae910e901fa7e629faf39b2dda740d220",
                "sha256:572fc57b0009c735ee56c175ea021b637a15551a312f56734277f923d6fd0f6c",
                "sha256:59787bd5f8c70aa339084e961d2996b53fbdeab4d5393bba5c1fe1fc32e02bae",
                "sha256:5a2721c8720e2cb3c209925dfb9200199b4b07361c9e01d321719404b21458b3",
                "sha256:5cc26a66e212fa5d6c6170c3a40d99d888db3020c6fdab1523250d4341382e44",
                "sha256:5ebee1ee89c39c953baac6924fcde08c5bb427c4057510862f9d7c7bdb3d8665",
                "sha256:60be8693a1dadc210bbcbc0db3e26da5f7d01d1d5a3da594e99b4fa42df404f5",
                "sha256:618a0aed532be87294c4477b0481f3aa0f1520f4014a4374dd4cf789b4cd2c97",
                "sha256:61bb1bd45520aacd56dd80943bd34991fb5350afdd1f36f2282230fd5154a218",
                "sha256:6383cd2ed53a646c659ba1fe65727db76437fdaa069e697a0b44a51d5843d864",
                "sha256:64729333167c2dcaaa56a331d40ee097bd9c5617ffd51dabb09eaddafb1b532e",
                "sha256:64b6ca7391a1395c2638dd5c7456d67bea44fc6c5e8e92c5dc8aa6a8f23292b4",
                "sha256:65dcd28d3eba2ab7c2fd906485cc301392b47cc2234790d27d4e4814e02cdfda",
                "sha256:65fa6cb38ed5e9c3637e68e544f598b39c3b86b808ed0627a67b68320384b459",
                "sha256:66bd62c59a5427746e8c44becae1d9b99d22fb13f30f492083dfb9ad7c45cc18",
                "sha256:6e44c0e7c5664be20aee92085153150c0a7967310a73a43c0f832b7cd35d0dd3",
                "sha256:6f8c6e7a1cfa3dc9d0ee2de0e65e834537fa29992cc3976ffec914afc35c5dd5",
                "sha256:7322ec6cc9fba9d49ab888bb82d67ac5625627aa168f0165139b17018df3fb8a",
                "sha256:73b133a9e6fb512858e7f065e96f1180aa46646bc74a83aea62f1d314f3dd035",
                "sha256:73f272fba87b8ccfe70a137d02a54af386f6d27aa509fbffdd978f5947aae1aa",
                "sha256:7e77b324909c1617cbb4c668677e2c6ae13f44d7c1de0d4f15f2e3c10f3315b5",
                "sha256:80115dd39481fd3a4b4080220799dbcacb921a844de4b827264ececacbe17c78",
                "sha256:87ccab0db8d5f4fbb0272642113c1adb2ffc698c16d3a0944580222331fa7a20",
                "sha256:89dfee3319f5ae3f75ebd5c2445a809bb320252ba5529ffdafea4ef25d79cf1a",
                "sha256:8ac59a0900474a52b7c04af8196affc22bd9842acb0950df12f7b813e983609a",
                "sha256:8cae6fd77a5b72dae505084b1a2ee0360139faf72fedbab667cd7cc65aae7a6a",
                "sha256:8d3469c91dd92ee41b7c95280edbd975ef1ba9195086686623a1c6e8935ce965",
                "sha256:90c633e7e8d6bf4e992b8b36ce69e018f834b641dd6de8cea6d78c06ffa119c5",
                "sha256:93db40c8de0815baab96a06e08a984bac71f989d13bab789e382158c5d426797",
                "sha256:9724e6cb5e478cd7d8cabf027826178739cb18cf0e117d0e32814d479fa02276",
                "sha256:98c6ac18480fcdb33f35439183f1d2e79760ab41930309c6d951cb1f8e46694c",
                "sha256:9a15e785f244f3e07847b984ce8773fc3da10a9f3c131cc49a4c5b4d672b4547",
                "sha256:9b60d7814174f059e5de4ab98271cc5ba9259cfea55273a81544dceea32dc8d9",
                "sha256:9be2a6647740dd3cca6acb24e87f03d7632cd280dbce9bbe40c26353a215a45d",
                "sha256:9c7472192ebfad53a6be7c4a8bfb2d64b81c0e93a1fc8c57e1dd0b638297b5d1",
                "sha256:9dce8ec9695f531a1b8a6f314fd4b393adcccf2ea861db480cdf97a301d01a68",
                "sha256:9e50d748a32da622f256e8d505867f5d3c43a837c6a9f0efb149655fadd1042a",
                "sha256:a81758ed242b861b72e778ba34d41366441a2e10b16b472784c88da2dea7e2dd",
                "sha256:ac777001cdfc28b72477d93c8564bb7583081ea8fb45cdca3d568e0a4f87183c",
                "sha256:b2b506b1788df5fecd270a10d5e70a95fe77b87ea2b370a318043f6f5f817ee6",
                "sha256:b2ea4a3e8357be8849e833beeae757ac3c7a6b3fc055c03c808a53c91ad30d82",
                "sha256:bf1516fe58fc104f39b2d1dbe2d5e27d0cd45c4be2e42ba6ee0cc763701ec3c7",
                "sha256:c0d702548d89d572b2929879bc883bb7a4c4709efafe4512cadee56c55c9bd15",
                "sha256:c10b82c2634df08dfb13b1f04e38fe310d086ee092f4f69c0c8da234251e556e",
                "sha256:c42572142ed0b9d5d261ba727157c426510da78e20828b66bbb855098b8a4e38",
                "sha256:c4585c3e64b4f9e583b4d2683f18f5d5d872b3d71dcf24594b74ecc23602fa96",
                "sha256:c639ea314df70a7b2811e8020448c75af8c9445f5a60f8a4ced81c306a9380c2",
                "sha256:c670fe7be5b6020b76bc6e8d2196074657e1327595bca93a389e1a76ab130ad8",
                "sha256:cc1b2440423a851fad781309dd87843868f4f66a6bcd1ddb9225cf4ec2c84732",
                "sha256:cd3584591ea4429026cdb931b054342c2bcf189b44ff367f8d5c15bc092a2966",
                "sha256:d15df07081d91b76ff20d43f94592ee110330152d617b730fdbe5ef9fb680053",
                "sha256:d19662dbedbe783d323196312d38f5ba53cf56296378252171985da6899887d3",
                "sha256:d24ecb4f5e009ea0bd275ee37ad9953b32005e2e5e60f8bbae16da0dbbf0d3a0",
                "sha256:d446c6ac40bb6e05025ccee55b84d80fe9bf8e93010ffc4bb9484f13d498835f",
                "sha256:d51ffd3427640fa2da6ade574ceba932f210ad095f65fcc450a2b0a0d454868e",
                "sha256:d6ce43a0269d68cee79a7d1ade7def53c20f8f2a047b92d7b5d5bcc73ae88327",
                "sha256:d721e53758b2cca74990185eb0671dd466d7a388a1a45d0c6f4c13cef41a68ac",
                "sha256:d7da47a0f248977f08e2cb659ff3c17ddc13a4d39b3a7baa0a81bf5b415430f6",
                "sha256:db47b561c9afd884baa1f96f797c9ca369872c4b65912bc691cfa99e68340af2",
                "sha256:dbe6493fbd27321b1d1f2dd4f5c7e5bd4d8b1d7cab7f32fd67db3d0b2ed8248a",
                "sha256:dbece16025afda5e3031af0c4059207e61dcf73ef13af844964f57f387d1c435",
                "sha256:ddd67571c10869f65a5d7dde536d1e066e306cc90de57d7de4d5f34802428bb5",
                "sha256:de9208bb427130c82a5dbfd104f92c8876fc9559278c880b3002755bbbe9c83d",
                "sha256:e30d40268a28d54ce0437031750497004c22602b8e3ab891f759b795a003b312",
                "sha256:e8b0abe7d870f53ca5143895fef7d1041a0c831a140d3dc2c760dd7ba25d4a8b",
                "sha256:f035d9dc1d25eff9d361456572231c7d27b5ccd473ca7dc0adfce732bd006d40",
                "sha256:f04b9f56b0e0614c0126be12c2c2d9f8850c1e57af302bd0a63bed379d4af974",
                "sha256:f0fa4fa9c3632d708742baf2282f2055c11d888a790362670a403cbf48a2c404",
                "sha256:f2e7f8e2ab6c2922be02c7ec45185aa5bd771e2e57b95455ee343a44d8130dff",
                "sha256:f8f6fa298bb4f7f58a33334406218ba74716e68feddf5e4e54cd5d8082705abf",
                "sha256:fbf300e2070bb35038660b3be1be4b91b0024edb41517e6996320b49b92b4175",
                "sha256:fce7760bf283405b2c7999cab3da4e72f7deca6396013115e3f7a955db9760da",
                "sha256:fcee38cd8e5089d6d4f048ba1233b3ad76e5954f545382180889112ff5cb712d",
                "sha256:fe31f28c94402043161876a258a9c6f757cb485905c7614ce8d6cd40e6b7bdc1",
                "sha256:ffd8893ccc1c2fce6e0d6ca402d716fe1b29db70c7132609a05955e31b2aa8f2"
            ],
            "markers": "python_version >= '3.10'",
            "version": "==2026.7.19"
        },
        "scikit-learn": {
            "hashes": [
                "sha256:0486c8f827c2e7b64837c731c8feff72c0bd2b998067a8a9cbc10643c31f0fe1",
                "sha256:0b7dacaa05e5d76759fb071558a8b5130f4845166d88654a0f9bdf3eb57851b7",
                "sha256:191e5550980d45449126e23ed1d5e9e24b2c68329ee1f691a3987476e115e09c",
                "sha256:20e9e49ecd130598f1ca38a1d85090e1a600147b9c02fa6f15d69cb53d968fda",
                "sha256:2a41e2a0ef45063e654152ec9d8bcfc39f7afce35b08902bfe290c2498a67a6a",
                "sha256:36749fb62b3d961b1ce4fedf08fa57a1986cd409eff2d783bca5d4b9b5fce51c",
                "sha256:4a847fea807e278f821a0406ca01e387f97653e284ecbd9750e3ee7c90347f18",
                "sha256:502c18e39849c0ea1a5d681af1dbcf15f6cce601aebb657aabbfe84133c1907f",
                "sha256:57dc4deb1d3762c75d685507fbd0bc17160144b2f2ba4ccea5dc285ab0d0e973",
                "sha256:6088aa475f0785e01bcf8529f55280a3d7d298679f50c0bb70a2364a82d0b290",
                "sha256:63a9afd6f7b229aad94618c01c252ce9e6fa97918c5ca19c9a17a087d819440c",
                "sha256:6b33579c10a3081d076ab403df4a4190da4f4432d443521674637677dc91e61f",
                "sha256:7a4c328a71785382fe3fe676a9ecf2c86189249beff90bf85e22bdb7efaf9ae0",
                "sha256:7a58814265dfc52b3295b1900cfb5701589d30a8bb026c7540f1e9d3499d5ec8",
                "sha256:89877e19a80c7b11a2891a27c21c4894fb18e2c2e077815bcade10d34287b20d",
                "sha256:8d91a97fa2b706943822398ab943cde71858a50245e31bc71dba62aab1d60a96",
                "sha256:8da8bf89d4d79aaec192d2bda62f9b56ae4e5b4ef93b6a56b5de4977e375c1f1",
                "sha256:9656e4a53e54578ad10a434dc1f993330568cfee176dff07112b8785fb413106",
                "sha256:96dc05a854add0e50d3f47a1ef21a10a595016da5b007c7d9cd9d0bffd1fcc61",
                "sha256:98335fb98509b73385b3ab2bd0639b1f610541d3988ee675c670371d6a87aa7c",
                "sha256:9acb6c5e867447b4e1390930e3944a005e2cb115922e693c08a323421a6966e8",
                "sha256:9b7ed8d58725030568523e937c43e56bc01cadb478fc43c042a9aca1dacb3ba1",
                "sha256:abebbd61ad9e1deed54cca45caea8ad5f79e1b93173dece40bb8e0c658dbe6fe",
                "sha256:acbc0f5fd2edd3432a22c69bed78e837c70cf896cd7993d71d51ba6708507476",
                "sha256:b4d6e9deed1a47aca9fe2f267ab8e8fe82ee20b4526b2c0cd9e135cea10feb44",
                "sha256:bb24510ed3f9f61476181e4db51ce801e2ba37541def12dc9333b946fc7a9cf8",
                "sha256:c7509693451651cd7361d30ce4e86a1347493554f172b1c72a39300fa2aea79e",
                "sha256:ca250e6836d10e6f402436d6463d6c0e4d8e0234cfb6a9a47835bd392b852ce5",
                "sha256:e5bf3d930aee75a65478df91ac1225ff89cd28e9ac7bd1196853a9229b6adb0b",
                "sha256:f95dc55b7902b91331fa4e5845dd5bde0580c9cd9612b1b2791b7e80c3d32615",
                "sha256:fa8f63940e29c82d1e67a45d5297bdebbcb585f5a5a50c4914cc2e852ab77f33"
            ],
            "index": "pypi",
            "markers": "python_version >= '3.10'",
            "version": "==1.7.2"
        },
        "scipy": {
            "hashes": [
                "sha256:05dc6abcd105e1a29f95eada46d4a3f251743cfd7d3ae8ddb4088047f24ea477",
                "sha256:06efcba926324df1696931a57a176c80848ccd67ce6ad020c810736bfd58eb1c",
                "sha256:0a769105537aa07a69468a0eefcd121be52006db61cdd8cac8a0e68980bbb723",
                "sha256:0bdd905264c0c9cfa74a4772cdb2070171790381a5c4d312c973382fc6eaf730",
                "sha256:0ff17c0bb1cb32952c09217d8d1eed9b53d1463e5f1dd6052c7857f83127d539",
                "sha256:14ed70039d182f411ffc74789a16df3835e05dc469b898233a245cdfd7f162cb",
                "sha256:185cd3d6d05ca4b44a8f1595af87f9c372bb6acf9c808e99aa3e9aa03bd98cf6",
                "sha256:18aaacb735ab38b38db42cb01f6b92a2d0d4b6aabefeb07f02849e47f8fb3594",
                "sha256:1c832e1bd78dea67d5c16f786681b28dd695a8cb1fb90af2e27580d3d0967e92",
                "sha256:263961f658ce2165bbd7b99fa5135195c3a12d9bef045345016b8b50c315cb82",
                "sha256:271e3713e645149ea5ea3e97b57fdab61ce61333f97cfae392c28ba786f9bb49",
                "sha256:2c620736bcc334782e24d173c0fdbb7590a0a436d2fdf39310a8902505008759",
                "sha256:34716e281f181a02341ddeaad584205bd2fd3c242063bd3423d61ac259ca7eba",
                "sha256:39cb9c62e471b1bb3750066ecc3a3f3052b37751c7c3dfd0fd7e48900ed52982",
                "sha256:3ac07623267feb3ae308487c260ac684b32ea35fd81e12845039952f558047b8",
                "sha256:3b0334816afb8b91dab859281b1b9786934392aa3d527cd847e41bb6f45bee65",
                "sha256:40e54d5c7e7ebf1aa596c374c49fa3135f04648a0caabcb66c52884b943f02b4",
                "sha256:50f9e62461c95d933d5c5ef4a1f2ebf9a2b4e83b0db374cb3f1de104d935922e",
                "sha256:52092bc0472cfd17df49ff17e70624345efece4e1a12b23783a1ac59a1b728ed",
                "sha256:5380741e53df2c566f4d234b100a484b420af85deb39ea35a1cc1be84ff53a5c",
                "sha256:5e721fed53187e71d0ccf382b6bf977644c533e506c4d33c3fb24de89f5c3ed5",
                "sha256:6487aa99c2a3d509a5227d9a5e889ff05830a06b2ce08ec30df6d79db5fcd5c5",
                "sha256:6ac6310fdbfb7aa6612408bd2f07295bcbd3fda00d2d702178434751fe48e019",
                "sha256:6cfd56fc1a8e53f6e89ba3a7a7251f7396412d655bca2aa5611c8ec9a6784a1e",
                "sha256:6db907c7368e3092e24919b5e31c76998b0ce1684d51a90943cb0ed1b4ffd6c1",
                "sha256:721d6b4ef5dc82ca8968c25b111e307083d7ca9091bc38163fb89243e85e3889",
                "sha256:76ad1fb5f8752eabf0fa02e4cc0336b4e8f021e2d5f061ed37d6d264db35e3ca",
                "sha256:79167bba085c31f38603e11a267d862957cbb3ce018d8b38f79ac043bc92d825",
                "sha256:795c46999bae845966368a3c013e0e00947932d68e235702b5c3f6ea799aa8c9",
                "sha256:7e11270a000969409d37ed399585ee530b9ef6aa99d50c019de4cb01e8e54e62",
                "sha256:8c9ed3ba2c8a2ce098163a9bdb26f891746d02136995df25227a20e71c396ebb",
                "sha256:993439ce220d25e3696d1b23b233dd010169b62f6456488567e830654ee37a6b",
                "sha256:9d61e97b186a57350f6d6fd72640f9e99d5a4a2b8fbf4b9ee9a841eab327dc13",
                "sha256:9db984639887e3dffb3928d118145ffe40eff2fa40cb241a306ec57c219ebbbb",
                "sha256:9e2abc762b0811e09a0d3258abee2d98e0c703eee49464ce0069590846f31d40",
                "sha256:a345928c86d535060c9c2b25e71e87c39ab2f22fc96e9636bd74d1dbf9de448c",
                "sha256:ad3432cb0f9ed87477a8d97f03b763fd1d57709f1bbde3c9369b1dff5503b253",
                "sha256:ae48a786a28412d744c62fd7816a4118ef97e5be0bee968ce8f0a2fba7acf3bb",
                "sha256:aef683a9ae6eb00728a542b796f52a5477b78252edede72b8327a886ab63293f",
                "sha256:b90ab29d0c37ec9bf55424c064312930ca5f4bde15ee8619ee44e69319aab163",
                "sha256:c05045d8b9bfd807ee1b9f38761993297b10b245f012b11b13b91ba8945f7e45",
                "sha256:c9deabd6d547aee2c9a81dee6cc96c6d7e9a9b1953f74850c179f91fdc729cb7",
                "sha256:dde4fc32993071ac0c7dd2d82569e544f0bdaff66269cb475e0f369adad13f11",
                "sha256:eae3cf522bc7df64b42cad3925c876e1b0b6c35c1337c93e12c0f366f55b0eaf",
                "sha256:ed7284b21a7a0c8f1b6e5977ac05396c0d008b89e05498c8b7e8f4a1423bba0e",
                "sha256:f77f853d584e72e874d87357ad70f44b437331507d1c311457bed8ed2b956126"
            ],
            "markers": "python_version >= '3.10'",
            "version": "==1.15.3"
        },
        "six": {
            "hashes": [
                "sha256:1e61c37477a1626458e36f7b1d82aa5c9b094fa4802892072e49de9c60c4c926",
                "sha256:8abb2f1d86890a2dfb989f9a77cfcfd3e47c2a354b01111771326f8aa26e0254"
            ],
            "markers": "python_version >= '2.7' and python_version not in '3.0, 3.1, 3.2, 3.3'",
            "version": "==1.16.0"
        },
        "soupsieve": {
            "hashes": [
                "sha256:e121fd02e975c695e4e9e8774a5ee35d74714b59307868dcc5319ad2d9e3328e",
                "sha256:e7e6b0769c8f51ed59acab6e994b00621096cfb1c640a7509295987388fbaf65"
            ],
            "markers": "python_version >= '3.9'",
            "version": "==2.8.4"
        },
        "tabulate": {
            "hashes": [
                "sha256:0095b12bf5966de529c0feb1fa08671671b3368eec77d7ef7ab114be2c068b3c",
                "sha256:024ca478df22e9340661486f85298cff5f6dcdba14f3813e8830015b9ed1948f"
            ],
            "markers": "python_version >= '3.7'",
            "version": "==0.9.0"
        },
        "threadpoolctl": {
            "hashes": [
                "sha256:43a0b8fd5a2928500110039e43a5eed8480b918967083ea48dc3ab9f13c4a7fb",
                "sha256:8ab8b4aa3491d812b623328249fab5302a68d2d71745c8a4c719a2fcaba9f44e"
            ],
            "markers": "python_version >= '3.9'",
            "version": "==3.6.0"
        },
        "tqdm": {
            "hashes": [
                "sha256:55b0b0dbd97462d06ebee91e4dac24ed4d4702be82b24f07e6c1d27e08cea220",
                "sha256:7f585706bfddbdebf89daac705b2dfcc16890130727d3197ca62c732b4310953"
            ],
            "markers": "python_version >= '3.8'",
            "version": "==4.70.0"
        },
        "typing-extensions": {
            "hashes": [
                "sha256:0cea48d173cc12fa28ecabc3b837ea3cf6f38c6d1136f85cbaaf598984861466",
                "sha256:f0fa19c6845758ab08074a0cfa8b7aecb71c999ca73d62883bc25cc018c4e548"
            ],
            "markers": "python_version >= '3.9'",
            "version": "==4.15.0"
        }
    },
    "develop": {}
}
