{
    "_meta": {
        "hash": {
            "sha256": "90aeb5e3d821d012791fdfe8dfb5a815d099a8428e29eb170925d5cd05f9d3ce"
        },
        "pipfile-spec": 6,
        "requires": {
            "python_version": "3.10"
        },
        "sources": [
            {
                "name": "pypi",
                "url": "https://pypi.org/simple",
                "verify_ssl": true
            }
        ]
    },
    "default": {
        "certifi": {
            "hashes": [
                "sha256:0569859f95fc761b18b45ef421b1290a0f65f147e92a1e5eb3e635f9a5e4e66f",
                "sha256:dc383c07b76109f368f6106eee2b593b04a011ea4d55f652c6ca24a754d1cdd1"
            ],
            "markers": "python_version >= '3.6'",
            "version": "==2024.2.2"
        },
        "charset-normalizer": {
            "hashes": [
                "sha256:06435b539f889b1f6f4ac1758871aae42dc3a8c0e24ac9e60c2384973ad73027",
                "sha256:06a81e93cd441c56a9b65d8e1d043daeb97a3d0856d177d5c90ba85acb3db087",
                "sha256:0a55554a2fa0d408816b3b5cedf0045f4b8e1a6065aec45849de2d6f3f8e9786",
                "sha256:0b2b64d2bb6d3fb9112bafa732def486049e63de9618b5843bcdd081d8144cd8",
                "sha256:10955842570876604d404661fbccbc9c7e684caf432c09c715ec38fbae45ae09",
                "sha256:122c7fa62b130ed55f8f285bfd56d5f4b4a5b503609d181f9ad85e55c89f4185",
                "sha256:1ceae2f17a9c33cb48e3263960dc5fc8005351ee19db217e9b1bb15d28c02574",
                "sha256:1d3193f4a680c64b4b6a9115943538edb896edc190f0b222e73761716519268e",
                "sha256:1f79682fbe303db92bc2b1136016a38a42e835d932bab5b3b1bfcfbf0640e519",
                "sha256:2127566c664442652f024c837091890cb1942c30937add288223dc895793f898",
                "sha256:22afcb9f253dac0696b5a4be4a1c0f8762f8239e21b99680099abd9b2b1b2269",
                "sha256:25baf083bf6f6b341f4121c2f3c548875ee6f5339300e08be3f2b2ba1721cdd3",
                "sha256:2e81c7b9c8979ce92ed306c249d46894776a909505d8f5a4ba55b14206e3222f",
                "sha256:3287761bc4ee9e33561a7e058c72ac0938c4f57fe49a09eae428fd88aafe7bb6",
                "sha256:34d1c8da1e78d2e001f363791c98a272bb734000fcef47a491c1e3b0505657a8",
                "sha256:37e55c8e51c236f95b033f6fb391d7d7970ba5fe7ff453dad675e88cf303377a",
                "sha256:3d47fa203a7bd9c5b6cee4736ee84ca03b8ef23193c0d1ca99b5089f72645c73",
                "sha256:3e4d1f6587322d2788836a99c69062fbb091331ec940e02d12d179c1d53e25fc",
                "sha256:42cb296636fcc8b0644486d15c12376cb9fa75443e00fb25de0b8602e64c1714",
                "sha256:45485e01ff4d3630ec0d9617310448a8702f70e9c01906b0d0118bdf9d124cf2",
                "sha256:4a78b2b446bd7c934f5dcedc588903fb2f5eec172f3d29e52a9096a43722adfc",
                "sha256:4ab2fe47fae9e0f9dee8c04187ce5d09f48eabe611be8259444906793ab7cbce",
                "sha256:4d0d1650369165a14e14e1e47b372cfcb31d6ab44e6e33cb2d4e57265290044d",
                "sha256:549a3a73da901d5bc3ce8d24e0600d1fa85524c10287f6004fbab87672bf3e1e",
                "sha256:55086ee1064215781fff39a1af09518bc9255b50d6333f2e4c74ca09fac6a8f6",
                "sha256:572c3763a264ba47b3cf708a44ce965d98555f618ca42c926a9c1616d8f34269",
                "sha256:573f6eac48f4769d667c4442081b1794f52919e7edada77495aaed9236d13a96",
                "sha256:5b4c145409bef602a690e7cfad0a15a55c13320ff7a3ad7ca59c13bb8ba4d45d",
                "sha256:6463effa3186ea09411d50efc7d85360b38d5f09b870c48e4600f63af490e56a",
                "sha256:65f6f63034100ead094b8744b3b97965785388f308a64cf8d7c34f2f2e5be0c4",
                "sha256:663946639d296df6a2bb2aa51b60a2454ca1cb29835324c640dafb5ff2131a77",
                "sha256:6897af51655e3691ff853668779c7bad41579facacf5fd7253b0133308cf000d",
                "sha256:68d1f8a9e9e37c1223b656399be5d6b448dea850bed7d0f87a8311f1ff3dabb0",
                "sha256:6ac7ffc7ad6d040517be39eb591cac5ff87416c2537df6ba3cba3bae290c0fed",
                "sha256:6b3251890fff30ee142c44144871185dbe13b11bab478a88887a639655be1068",
                "sha256:6c4caeef8fa63d06bd437cd4bdcf3ffefe6738fb1b25951440d80dc7df8c03ac",
                "sha256:6ef1d82a3af9d3eecdba2321dc1b3c238245d890843e040e41e470ffa64c3e25",
                "sha256:753f10e867343b4511128c6ed8c82f7bec3bd026875576dfd88483c5c73b2fd8",
                "sha256:7cd13a2e3ddeed6913a65e66e94b51d80a041145a026c27e6bb76c31a853c6ab",
                "sha256:7ed9e526742851e8d5cc9e6cf41427dfc6068d4f5a3bb03659444b4cabf6bc26",
                "sha256:7f04c839ed0b6b98b1a7501a002144b76c18fb1c1850c8b98d458ac269e26ed2",
                "sha256:802fe99cca7457642125a8a88a084cef28ff0cf9407060f7b93dca5aa25480db",
                "sha256:80402cd6ee291dcb72644d6eac93785fe2c8b9cb30893c1af5b8fdd753b9d40f",
                "sha256:8465322196c8b4d7ab6d1e049e4c5cb460d0394da4a27d23cc242fbf0034b6b5",
                "sha256:86216b5cee4b06df986d214f664305142d9c76df9b6512be2738aa72a2048f99",
                "sha256:87d1351268731db79e0f8e745d92493ee2841c974128ef629dc518b937d9194c",
                "sha256:8bdb58ff7ba23002a4c5808d608e4e6c687175724f54a5dade5fa8c67b604e4d",
                "sha256:8c622a5fe39a48f78944a87d4fb8a53ee07344641b0562c540d840748571b811",
                "sha256:8d756e44e94489e49571086ef83b2bb8ce311e730092d2c34ca8f7d925cb20aa",
                "sha256:8f4a014bc36d3c57402e2977dada34f9c12300af536839dc38c0beab8878f38a",
                "sha256:9063e24fdb1e498ab71cb7419e24622516c4a04476b17a2dab57e8baa30d6e03",
                "sha256:90d558489962fd4918143277a773316e56c72da56ec7aa3dc3dbbe20fdfed15b",
                "sha256:923c0c831b7cfcb071580d3f46c4baf50f174be571576556269530f4bbd79d04",
                "sha256:95f2a5796329323b8f0512e09dbb7a1860c46a39da62ecb2324f116fa8fdc85c",
                "sha256:96b02a3dc4381e5494fad39be677abcb5e6634bf7b4fa83a6dd3112607547001",
                "sha256:9f96df6923e21816da7e0ad3fd47dd8f94b2a5ce594e00677c0013018b813458",
                "sha256:a10af20b82360ab00827f916a6058451b723b4e65030c5a18577c8b2de5b3389",
                "sha256:a50aebfa173e157099939b17f18600f72f84eed3049e743b68ad15bd69b6bf99",
                "sha256:a981a536974bbc7a512cf44ed14938cf01030a99e9b3a06dd59578882f06f985",
                "sha256:a9a8e9031d613fd2009c182b69c7b2c1ef8239a0efb1df3f7c8da66d5dd3d537",
                "sha256:ae5f4161f18c61806f411a13b0310bea87f987c7d2ecdbdaad0e94eb2e404238",
                "sha256:aed38f6e4fb3f5d6bf81bfa990a07806be9d83cf7bacef998ab1a9bd660a581f",
                "sha256:b01b88d45a6fcb69667cd6d2f7a9aeb4bf53760d7fc536bf679ec94fe9f3ff3d",
                "sha256:b261ccdec7821281dade748d088bb6e9b69e6d15b30652b74cbbac25e280b796",
                "sha256:b2b0a0c0517616b6869869f8c581d4eb2dd83a4d79e0ebcb7d373ef9956aeb0a",
                "sha256:b4a23f61ce87adf89be746c8a8974fe1c823c891d8f86eb218bb957c924bb143",
                "sha256:bd8f7df7d12c2db9fab40bdd87a7c09b1530128315d047a086fa3ae3435cb3a8",
                "sha256:beb58fe5cdb101e3a055192ac291b7a21e3b7ef4f67fa1d74e331a7f2124341c",
                "sha256:c002b4ffc0be611f0d9da932eb0f704fe2602a9a949d1f738e4c34c75b0863d5",
                "sha256:c083af607d2515612056a31f0a8d9e0fcb5876b7bfc0abad3ecd275bc4ebc2d5",
                "sha256:c180f51afb394e165eafe4ac2936a14bee3eb10debc9d9e4db8958fe36afe711",
                "sha256:c235ebd9baae02f1b77bcea61bce332cb4331dc3617d254df3323aa01ab47bd4",
                "sha256:cd70574b12bb8a4d2aaa0094515df2463cb429d8536cfb6c7ce983246983e5a6",
                "sha256:d0eccceffcb53201b5bfebb52600a5fb483a20b61da9dbc885f8b103cbe7598c",
                "sha256:d965bba47ddeec8cd560687584e88cf699fd28f192ceb452d1d7ee807c5597b7",
                "sha256:db364eca23f876da6f9e16c9da0df51aa4f104a972735574842618b8c6d999d4",
                "sha256:ddbb2551d7e0102e7252db79ba445cdab71b26640817ab1e3e3648dad515003b",
                "sha256:deb6be0ac38ece9ba87dea880e438f25ca3eddfac8b002a2ec3d9183a454e8ae",
                "sha256:e06ed3eb3218bc64786f7db41917d4e686cc4856944f53d5bdf83a6884432e12",
                "sha256:e27ad930a842b4c5eb8ac0016b0a54f5aebbe679340c26101df33424142c143c",
                "sha256:e537484df0d8f426ce2afb2d0f8e1c3d0b114b83f8850e5f2fbea0e797bd82ae",
                "sha256:eb00ed941194665c332bf8e078baf037d6c35d7c4f3102ea2d4f16ca94a26dc8",
                "sha256:eb6904c354526e758fda7167b33005998fb68c46fbc10e013ca97f21ca5c8887",
                "sha256:eb8821e09e916165e160797a6c17edda0679379a4be5c716c260e836e122f54b",
                "sha256:efcb3f6676480691518c177e3b465bcddf57cea040302f9f4e6e191af91174d4",
                "sha256:f27273b60488abe721a075bcca6d7f3964f9f6f067c8c4c605743023d7d3944f",
                "sha256:f30c3cb33b24454a82faecaf01b19c18562b1e89558fb6c56de4d9118a032fd5",
                "sha256:fb69256e180cb6c8a894fee62b3afebae785babc1ee98b81cdf68bbca1987f33",
                "sha256:fd1abc0d89e30cc4e02e4064dc67fcc51bd941eb395c502aac3ec19fab46b519",
                "sha256:ff8fa367d09b717b2a17a052544193ad76cd49979c805768879cb63d9ca50561"
            ],
            "markers": "python_full_version >= '3.7.0'",
            "version": "==3.3.2"
        },
        "idna": {
            "hashes": [
                "sha256:9ecdbbd083b06798ae1e86adcbfe8ab1479cf864e4ee30fe4e46a003d12491ca",
                "sha256:c05567e9c24a6b9faaa835c4821bad0590fbb9d5779e7caa6e1cc4978e7eb24f"
            ],
            "markers": "python_version >= '3.5'",
            "version": "==3.6"
        },
        "oauthlib": {
            "hashes": [
                "sha256:0f0f8aa759826a193cf66c12ea1af1637f87b9b4622d46e866952bb022e538c9",
                "sha256:88119c938d2b8fb88561af5f6ee0eec8cc8d552b7bb1f712743136eb7523b7a1"
            ],
            "index": "pypi",
            "markers": "python_version >= '3.8'",
            "version": "==3.3.1"
        },
        "ply": {
            "hashes": [
                "sha256:00c7c1aaa88358b9c765b6d3000c6eec0ba42abca5351b095321aef446081da3",
                "sha256:096f9b8350b65ebd2fd1346b12452efe5b9607f7482813ffca50c22722a807ce"
            ],
            "version": "==3.11"
        },
        "pyasn1": {
            "hashes": [
                "sha256:87a2121042a1ac9358cabcaf1d07680ff97ee6404333bacca15f76aa8ad01a57",
                "sha256:97b7290ca68e62a832558ec3976f15cbf911bf5d7c7039d8b861c2a0ece69fde"
            ],
            "markers": "python_version >= '2.7' and python_version not in '3.0, 3.1, 3.2, 3.3, 3.4, 3.5'",
            "version": "==0.5.0"
        },
        "pycryptodomex": {
            "hashes": [
                "sha256:09c9401dc06fb3d94cb1ec23b4ea067a25d1f4c6b7b118ff5631d0b5daaab3cc",
                "sha256:0b2f1982c5bc311f0aab8c293524b861b485d76f7c9ab2c3ac9a25b6f7655975",
                "sha256:136b284e9246b4ccf4f752d435c80f2c44fc2321c198505de1d43a95a3453b3c",
                "sha256:1789d89f61f70a4cd5483d4dfa8df7032efab1118f8b9894faae03c967707865",
                "sha256:2126bc54beccbede6eade00e647106b4f4c21e5201d2b0a73e9e816a01c50905",
                "sha256:258c4233a3fe5a6341780306a36c6fb072ef38ce676a6d41eec3e591347919e8",
                "sha256:263de9a96d2fcbc9f5bd3a279f14ea0d5f072adb68ebd324987576ec25da084d",
                "sha256:50cb18d4dd87571006fd2447ccec85e6cec0136632a550aa29226ba075c80644",
                "sha256:5b883e1439ab63af976656446fb4839d566bb096f15fc3c06b5a99cde4927188",
                "sha256:5d73e9fa3fe830e7b6b42afc49d8329b07a049a47d12e0ef9225f2fd220f19b2",
                "sha256:61056a1fd3254f6f863de94c233b30dd33bc02f8c935b2000269705f1eeeffa4",
                "sha256:67c8eb79ab33d0fbcb56842992298ddb56eb6505a72369c20f60bc1d2b6fb002",
                "sha256:6e45bb4635b3c4e0a00ca9df75ef6295838c85c2ac44ad882410cb631ed1eeaa",
                "sha256:7cb51096a6a8d400724104db8a7e4f2206041a1f23e58924aa3d8d96bcb48338",
                "sha256:800a2b05cfb83654df80266692f7092eeefe2a314fa7901dcefab255934faeec",
                "sha256:8df69e41f7e7015a90b94d1096ec3d8e0182e73449487306709ec27379fff761",
                "sha256:917033016ecc23c8933205585a0ab73e20020fdf671b7cd1be788a5c4039840b",
                "sha256:a12144d785518f6491ad334c75ccdc6ad52ea49230b4237f319dbb7cef26f464",
                "sha256:a3866d68e2fc345162b1b9b83ef80686acfe5cec0d134337f3b03950a0a8bf56",
                "sha256:a588a1cb7781da9d5e1c84affd98c32aff9c89771eac8eaa659d2760666f7139",
                "sha256:a77b79852175064c822b047fee7cf5a1f434f06ad075cc9986aa1c19a0c53eb0",
                "sha256:af83a554b3f077564229865c45af0791be008ac6469ef0098152139e6bd4b5b6",
                "sha256:b801216c48c0886742abf286a9a6b117e248ca144d8ceec1f931ce2dd0c9cb40",
                "sha256:bfb040b5dda1dff1e197d2ef71927bd6b8bfcb9793bc4dfe0bb6df1e691eaacb",
                "sha256:c01678aee8ac0c1a461cbc38ad496f953f9efcb1fa19f5637cbeba7544792a53",
                "sha256:c74eb1f73f788facece7979ce91594dc177e1a9b5d5e3e64697dd58299e5cb4d",
                "sha256:c9a68a2f7bd091ccea54ad3be3e9d65eded813e6d79fdf4cc3604e26cdd6384f",
                "sha256:d4dd3b381ff5a5907a3eb98f5f6d32c64d319a840278ceea1dcfcc65063856f3",
                "sha256:e8e5ecbd4da4157889fce8ba49da74764dd86c891410bfd6b24969fa46edda51",
                "sha256:eb2fc0ec241bf5e5ef56c8fbec4a2634d631e4c4f616a59b567947a0f35ad83c",
                "sha256:edbe083c299835de7e02c8aa0885cb904a75087d35e7bab75ebe5ed336e8c3e2",
                "sha256:ff64fd720def623bf64d8776f8d0deada1cc1bf1ec3c1f9d6f5bb5bd098d034f"
            ],
            "markers": "python_version >= '2.7' and python_version not in '3.0, 3.1, 3.2, 3.3, 3.4'",
            "version": "==3.19.0"
        },
        "pysmi": {
            "hashes": [
                "sha256:13d937620529468d34d525089abbd569f3b34dd808085d34586e63fbbda40fdb",
                "sha256:2ec6ebd41aaef562695e7d0058763c6e1e8c1fbf8710804c11ef3a857fc9cad7",
                "sha256:6e8524b80c6641bb9d81319e54bb0b75f47543e7d3bc7e8f12dcda960d7359c8",
                "sha256:7203220305bab6a20e2811fca927031440d3b1f9a4a1a5a2a12c033b911dc594",
                "sha256:817c572dc8262a4b2ccff34b27e42ee55e48f74be42d22308b637aa236ce1785",
                "sha256:887f34233d284a3298f67e2e01db0af8817f358501c724f02175ae53a1f4f106",
                "sha256:9d989714a8ad40253b1adbb410067c339b4c77ecd004daa071055e200fe9a798",
                "sha256:9fb837bb5662b11cce8d44e2dfff8604b97276ff9614aa74d5a33d1cea96d627",
                "sha256:abbd70efb8cf24d6c0bc782c996cd38f0c4905714edf8d03acbaa8ccd9c74eb7",
                "sha256:bd15a15020aee8376cab5be264c26330824a8b8164ed0195bd402dd59e4e8f7c",
                "sha256:d6688b6121b71f18ca19040bfd27feca5f7a502598de953ec09a8e3f06c36a4e",
                "sha256:e4dc8155ccf2b7eaf96aef4b31f7558ce1cf41b3bb27d0cbe341b3c157531088",
                "sha256:ed44154e5d247edfad09bbe24a398cec54b6c393df2fa5103cf59ccf9278855a"
            ],
            "version": "==0.3.4"
        },
        "pysnmp": {
            "hashes": [
                "sha256:0c3dbef2f958caca96071fe5c19de43e9c1b0484ab02a0cf08b190bcee768ba9",
                "sha256:13177be8030bbc751d94b1f844cb8d8c2d62844dfd86383576e20f09864427b2",
                "sha256:396b80187e6175481982b83f87d2de28c7068937d6772b5e2679cb56853bf7d7",
                "sha256:3fa5f96a47986658564fa5c4a75b9ea617397729028f2a40b88972139a3e67f7",
                "sha256:5459b70e849eb4d14bd4c8e475fc67bfa4cd6676fc53aa2f307194319ce77602",
                "sha256:578bb1dab0e67dfc583a61f721a9f6378c51b576ed6a90b229aefd60a9f965f6",
                "sha256:5e48994f48c5800022fff5d380976d88fcd27c17f1635ea4ef1d52796b1acd08",
                "sha256:8019dba728fbb5216645e1c1bd7bccaf25e938243d5dc7e28dbcc6ac029ff8b9",
                "sha256:89ef66e511a0f770ec9bc7df8bebe6bebb3a3dc3b7394b7d408e42f92f74458b",
                "sha256:c8d8a403e45a752daefed4635044b137c4390c68ffef54307e2390d8ac9e62e4",
                "sha256:ce2f260a41a107f08264a53c74940e0ad8ae7e35d9e10f33746716ac5c028592",
                "sha256:d90946c5d7c55b1ddc03e065a99a2ed36e748dcf166ca04ee4126b8f25fc057a",
                "sha256:e41b7dbd7e54030dd99a0780728bac3335f4d95c3f28f9b8df827f6075b8ccec"
            ],
            "index": "pypi",
            "version": "==4.4.12"
        },
        "requests": {
            "hashes": [
                "sha256:58cd2187c01e70e6e26505bca751777aa9f2ee0b7f4300988b709f44e013003f",
                "sha256:942c5a758f98d790eaed1a29cb6eefc7ffb0d1cf7af05c3d2791656dbd6ad1e1"
            ],
            "markers": "python_version >= '3.7'",
            "version": "==2.31.0"
        },
        "requests-oauthlib": {
            "hashes": [
                "sha256:7a3130d94a17520169e38db6c8d75f2c974643788465ecc2e4b36d288bf13033",
                "sha256:acee623221e4a39abcbb919312c8ff04bd44e7e417087fb4bd5e2a2f53d5e79a"
            ],
            "index": "pypi",
            "markers": "python_version >= '2.7' and python_version not in '3.0, 3.1, 3.2, 3.3'",
            "version": "==1.4.0"
        },
        "urllib3": {
            "hashes": [
                "sha256:450b20ec296a467077128bff42b73080516e71b56ff59a60a02bef2232c4fa9d",
                "sha256:d0570876c61ab9e520d776c38acbbb5b05a776d3f9ff98a5c8fd5162a444cf19"
            ],
            "markers": "python_version >= '3.8'",
            "version": "==2.2.1"
        },
        "websocket-client": {
            "hashes": [
                "sha256:9e813624b6eb619999a97dc7958469217c3176312b3a16a4bd1bc7e08a46ec98",
                "sha256:af248a825037ef591efbf6ed20cc5faa03d3b47b9e5a2230a529eeee1c1fc3ef"
            ],
            "index": "pypi",
            "markers": "python_version >= '3.9'",
            "version": "==1.9.0"
        },
        "websockets": {
            "hashes": [
                "sha256:00d50c0a27098fcb7ab47b3d99a1b1159b534dbcd959fbf05113ebc37e5f927b",
                "sha256:0352f5b38b40e857b6428d468fa21dbb4dd4a567d933c26d9831b4efe1b92f43",
                "sha256:0704df094b2d5fa7f6f410925a594c2a5c9a09167731a76292e5410934208209",
                "sha256:0b8d13ceabc5c60995f201b5211d76876e17e68706ebf5d3bc666b32eefff1a6",
                "sha256:0c64c024ddf7a35331b21fcddb562a039c275d2c82e8c2d12939e7da23997270",
                "sha256:115fc4695b94bb855995b23fb1abcb66099a5995575d3d5bc5605a616c58d0eb",
                "sha256:187323204c3b2fc465e8fc2609e60437c521790cb9c1acb49c4c452a33e57f37",
                "sha256:1a9f08a0728b0835f1c6abe1d9b746ab3de49b7336a0e1919cf96be1e76273eb",
                "sha256:1acb698bff1da1782b31aebd8d7a24d7d05453964abcd7d03dbf6e25893908e8",
                "sha256:1ae4a686a662964a6671069f84f7f908cc3475e782227726b0c622c715962105",
                "sha256:1facd189d8190af30487a55b4c3688484dd50801628a3b5b2ccd26db08e67057",
                "sha256:2237081454846fb40403a80ba86d82e2038b9c45865ab96af0abe7d002a91045",
                "sha256:23e545ea8ae4263e37cdfd4e22a217f519e48e432728bc461185bbf585f38a83",
                "sha256:299468cbe42e2b9981134c7c51d99387d8a7bf562b00183b3eec53f882846dad",
                "sha256:2bd3e12cd9afbe2baedae0b1eeade8ba64329b60fe2f9abdc966bd10fd2c2ef5",
                "sha256:2c0e0857c30bbbc2bb5c30687508f0b7ec19aa026cd9f2ff8424d0fee42dcc07",
                "sha256:2c1c85f61bc9d5eac57ce705d848dc2d2ce3680638300bf4e1da7d749e2cf4ce",
                "sha256:2ed64e5a97b0b97a0b66e18bfe281317a75fbbd5afe692f939ea8d14a4292f2c",
                "sha256:30c379d5b207d3a7f0ba4c2e4602a895b0bcc63fb5f5371a4ae7fbddb03b672b",
                "sha256:353f3bc6e058ac1ccab4b3588e8598837a8c04cfc8351233e6d523be675d844c",
                "sha256:35f41979c8623df9bd30d949d82010a8fda5c56ff12cd8508a5b7272b6d4b53a",
                "sha256:36069b74671e7e667f48a7484249f84c45a825a134c8b1bdc01875d0daa10d79",
                "sha256:37b0e4d726ffea3776670092d3d13e1cb605076f036a695fd1259de0d9b9fe02",
                "sha256:39c7e7730be33b8f0cd6f0aa8e8c82f9cdd1813f159765e073b2ece65f4824b5",
                "sha256:39e947b1f5fdab045174306e3916785bf3ed537648acc1549827c08c33b10953",
                "sha256:3c3d2cbd1602593bad49bd86fa3fbb25407d87a3b4bf8857c0ac5ac4914e1901",
                "sha256:3fd3e6a7af2c8fcdcf4ffbeaf7f54a567b91a83267204187797f31faaa2a4efa",
                "sha256:45c5ea55446171949eb99fd34b771ceddd511ca21958d40d0197ced33159e5ee",
                "sha256:4a6db7972d52bc1b66cefe2246902e256cbaebc9ba8a45eac09343d7eb6671b2",
                "sha256:4e969170c3b08e1d8dabd990fef1fa702c4233aeaabec33f871806e444f6a0e4",
                "sha256:520b0fd0395f075febb283c76755af724ab9fd19dffa4f3bfd18cb4e622790a3",
                "sha256:587f83c2ce8a5d628e166384d77fa7f0ac69b9007d515ab442123e6615aa8da3",
                "sha256:589f8842521c8307684ce0b40ce4ad70c5e0aa46484c6f1225a94ef4b8970341",
                "sha256:5dd0e666b5931c0509cf65714686a1c5126771e663a79ac5d40da4f58b1f9502",
                "sha256:5f5218de1ed047385ca53744caba9435d65f75d008364970a3fae95a05812cf9",
                "sha256:63339bc8c63c86a463177775cb7c677691f5bcfac7b3b2f01b286d42acd41600",
                "sha256:638cf57c48b4ad8ac1ff1e453f4f97db2426b690ddc111e6da96b27b4a340bc3",
                "sha256:67b56828712f5fa7852de4c0265c28827311a657a4d275b7312ed0d1a918bee4",
                "sha256:6852c9f653966c16109d3b6f31181fd734f7914927e3f0fa1117af7a18c9aa21",
                "sha256:6c1eb7df4170d5068892a8834fb5c07b9552353deb0dbeb0bff3820481ae4792",
                "sha256:6eb604a4167f0a0d53c2243dfc667a29f0b43c3436057184e070bb82a1000fa2",
                "sha256:70bd789afab579602968c39f21cb925466505f3edff22f0ae852bca54978a4f9",
                "sha256:7143aa09a67e1c013be44e81a88dfe90fc6244198ab86c7edd064152cf619805",
                "sha256:7289d899c79e763e6221c8dcb8959361cb43274418538d7c7ad16a43b01d12f9",
                "sha256:7358ff21632b5d062707f73e859c824f1c3807e73d8ca25e71caca7c4cdcf145",
                "sha256:75c98e3920039d0edff03b74478ada504b7ce3a1bc406db2cabfca84320f7baf",
                "sha256:7acb811fad08e611755800d1560e395c67e11a6bd563598ea6abb319afb86938",
                "sha256:81495f9c0085361c582efbc3207fb877174cfe03370f17d9cd70624404aa526f",
                "sha256:82d1c2cab3c133e9d059b3a5420bed9376bd30e21c185c63dda4ddadf6ddda47",
                "sha256:83bdabafef431247e6b11a9aab8a0893fd8e82e1ed95b32e0373625b03ffce4a",
                "sha256:84c170c6869633536921e4474b1cce7254c0c9b0053ef5725f966cee47e718e4",
                "sha256:856bdd638f8277f86465057bfdd4da097c73058fb0f9d2bd5baea29e2bf2d367",
                "sha256:8613129a2533f08de24505e69a3e403cedaadae49abdb043c4d170ca71b7e4bd",
                "sha256:8e9c4e369fc181b2d41a99e01477215cecdc8546a39f7d41a59cc0a7065a0b09",
                "sha256:8fdf0b00d0d1f30d1f06a92cab46fe542eec3eb302a7aee7163f142d0780f216",
                "sha256:9003a1fde1c21a322a3ca3fa0c4bda8c639da81dbc925162766086643b05ba87",
                "sha256:97f15b6d9ea9c2eaf6ccab964a082b09bfa6634a495bb0c2e9e7ee6943f58976",
                "sha256:98ab58a4faa72b46da0127ccc1931dcbfc0985b0778892300a092185910c4cbe",
                "sha256:9a3f125e44c3e34d61d111652e608e0f5b85ce08c225c8d56ad0eb822fa40030",
                "sha256:9b3b021d0ed4bc16eea9775f62c9fa71acdacba0fc790b38581754dedf29ca60",
                "sha256:9c1cf6f9a936b030b5bed0e800c5ee32069338129084546baf5ff5014dc62fa9",
                "sha256:9cb074d150e4ad2a77aa8a332c2be85f3f64f2681519d2570c1225c12c9821ff",
                "sha256:9dba74233c8c3ce368850818c98354dad2570f57231b3fd3bd00d7aa57628881",
                "sha256:a0285df7925657ad65a65fb8dc330808bce082827538fd50ef45fa12d1fc5bca",
                "sha256:a089979d6173b27af18026c8d8b0077f83669a9169174482c4651e9f5739a5b6",
                "sha256:a24d1f35aef07d794a16c853c688e74956c50239bec37b4f2de080056046419b",
                "sha256:a3c18dba232ec2b92a68579c9fed8ff5a18f853d1e09fc0b6ca3159e94f689fe",
                "sha256:a3cd6c9b798218798f4bb7b2e71c38f0e744bb94ca537b13376f88019d46384d",
                "sha256:a58532c49a851bcb481e58c1be23b315c17fe2fbbed509d75aeea12f543d2c15",
                "sha256:a5bf9c23f197b4ec88290fd5463f33db67362a1bb10f85fc2e8e7627f0ddab97",
                "sha256:a71b73d143991714144e159f767b698f03c4a70b8a65ae1733b650cff488045b",
                "sha256:a9b1d7a63cba8e6b9b77e499a81eab29d31100298d090ad4507d1048c0b9cae0",
                "sha256:ad9411eded8988b879be6038206698bf7106c85a78f642c004485bcb95be17eb",
                "sha256:b0232ed141cec3df2af5a3959a071c51f40036336b0d37e17faf9ef52fc73e47",
                "sha256:b22b1f4950f6ab7126623329c3b47b3b90a14c05db517f2db2a026ad6c928352",
                "sha256:b43fcfb521ac2f34ba80b7b8ea16303e4ad82dd8af667bf40839ad3a5d37b164",
                "sha256:b6aa3f7ad345cf3862c21f4fbf2ef5e14d911348476c2845e137c091fe3a3f0b",
                "sha256:b8ef8b1c8d6bd029a475ac432e730fba2dfd456715d26c473e2a82291024b99c",
                "sha256:b9f5d83f80f4d7c4bba6d97f3755ac05850c784dce0fd2ab371c4e41172f53ff",
                "sha256:bedbc5efeb96621aa2921d2d92608246691399418cac22acba427eb11877ea1f",
                "sha256:bef52d327d70fa75dad93ee61ea2cb1d1489aca9f35c188833563f5a3b4df0a5",
                "sha256:c14b6634af01541e4efe2954fd8f263386f7aa6d37c01e55dd8109fd17661452",
                "sha256:c39907f1eaf11f6277def65aa02d68f30576b693d0c1ca332aafa3caa723ac6d",
                "sha256:c3e99757f5baafe20fc598e202ea6f5b0b265186ad38d0a17bd8beca16296955",
                "sha256:c5149dfe490ec7e5ee5dbf624c642fb725f93a5575c7f00ab594ca9eddb8dd81",
                "sha256:c522bd48e625b6d557aa228967258d6d3da031c4cc21d3352fb302479aa9ba0a",
                "sha256:c54fe94fb2f11e11b48920c5f971e298cec73ac35db56efe57a49db63dfc95d4",
                "sha256:c5cf88e3faa2f7931bc6baeee7599c97656a3f6ac7f831f4fccba233e141783a",
                "sha256:cc0c6a6eef613c7da32d4fb068f82ef834b58134f6a16b54e6c1e5bf9529ab3d",
                "sha256:cce36c80b3f2fede7942f1756d3d885fa6fa086766c8c1bcf00695ab80f0d51a",
                "sha256:cd68f0914f3b64694895bc5e9b14e8b447e41d7bf5ffaf989bb8dcb5e2dfdce7",
                "sha256:d0f38f4c3e9b359e257c339c2cc1967ccaeedb102e57c1c986bdce4bf4f32268",
                "sha256:d0fb4b46f121eccd539353baebd1083a8767a9a351109453d1d1caecd1ba40c2",
                "sha256:d106396927a7f00b0f3a69215c3357f87bf0bca6844247121f7e8291e826a3b1",
                "sha256:d19c9067e1fe9490f974bffbc0e443b80a7674c5efb4980c429cc00771f07c5a",
                "sha256:d440ff0c6c7469ad59c0a412c383c235935b43635e89425e3f6a0c36de90c31b",
                "sha256:d71bed12909b8039955536e192867d02d76cd3797cedfd0facf822e7668636c3",
                "sha256:dc2c453f3b5f99c56b16e233aad5299860558487d26adb2ed27a00c14ca24b8c",
                "sha256:dddd27175bf640acae5561fa79b77e8ec71fc445816200523e5c19b6a556fb72",
                "sha256:de72a9c611178b15557d98eabd3101c9663c4d68938510478a6d162f99afd213",
                "sha256:e22e9e3719f5131bd62da4db63c8da63eb8c91cc99e16c1cbd122f130e1ae07a",
                "sha256:e2fb33ccb16ee40a95cc676d7b0ff451a9a2632f11a0dbc2e666326892b2e1de",
                "sha256:e7d6014888a0632e1ed7a4095248bb3095232999447f2d83bfb1900987dd9ed9",
                "sha256:eeab6d27f51c7e579023c971f5e6dff200deadf01faf6831beaecd32052dfaef",
                "sha256:f881fca0a45dd6789939bd6637cd98169b92f1c3fdc78262f2cb9ec2cb1f324e",
                "sha256:f9f4fb9ae8b802e55609685db98382d48fd3feb1397804e1e774968dea0f28c7",
                "sha256:fd847ab82133015afe65d778e7966ab42dba16bd7ad2e5b8a7918db6539f3f94",
                "sha256:fef2debfe7f7ebdda12176f26166f95b7af17af05ba06150fcf889032e0213e9",
                "sha256:ff9b000064b88787ba9f7a3cb2af2b68a658ca5aad76458a46469e7124b678a0"
            ],
            "index": "pypi",
            "markers": "python_version >= '3.10'",
            "version": "==16.1"
        }
    },
    "develop": {}
}
