{
    "_meta": {
        "hash": {
            "sha256": "618c8b9466e1926767c7b786fcc4faf0fbc46a8401ddae0e835b4431545b584d"
        },
        "pipfile-spec": 6,
        "requires": {
            "python_version": "3.10"
        },
        "sources": [
            {
                "name": "pypi",
                "url": "https://pypi.org/simple",
                "verify_ssl": true
            }
        ]
    },
    "default": {
        "certifi": {
            "hashes": [
                "sha256:3cb2210c8f88ba2318d29b0388d1023c8492ff72ecdde4ebdaddbb13a31b1c4a",
                "sha256:8d455352a37b71bf76a79caa83a3d6c25afee4a385d632127b6afb3963f1c580"
            ],
            "markers": "python_version >= '3.7'",
            "version": "==2026.4.22"
        },
        "cffi": {
            "hashes": [
                "sha256:00a9ed42e88df81ffae7a8ab6d9356b371399b91dbdf0c3cb1e84c03a13aceb5",
                "sha256:03425bdae262c76aad70202debd780501fabeaca237cdfddc008987c0e0f59ef",
                "sha256:04ed324bda3cda42b9b695d51bb7d54b680b9719cfab04227cdd1e04e5de3104",
                "sha256:0e2642fe3142e4cc4af0799748233ad6da94c62a8bec3a6648bf8ee68b1c7426",
                "sha256:173379135477dc8cac4bc58f45db08ab45d228b3363adb7af79436135d028405",
                "sha256:198caafb44239b60e252492445da556afafc7d1e3ab7a1fb3f0584ef6d742375",
                "sha256:1e74c6b51a9ed6589199c787bf5f9875612ca4a8a0785fb2d4a84429badaf22a",
                "sha256:2012c72d854c2d03e45d06ae57f40d78e5770d252f195b93f581acf3ba44496e",
                "sha256:21157295583fe8943475029ed5abdcf71eb3911894724e360acff1d61c1d54bc",
                "sha256:2470043b93ff09bf8fb1d46d1cb756ce6132c54826661a32d4e4d132e1977adf",
                "sha256:285d29981935eb726a4399badae8f0ffdff4f5050eaa6d0cfc3f64b857b77185",
                "sha256:30d78fbc8ebf9c92c9b7823ee18eb92f2e6ef79b45ac84db507f52fbe3ec4497",
                "sha256:320dab6e7cb2eacdf0e658569d2575c4dad258c0fcc794f46215e1e39f90f2c3",
                "sha256:33ab79603146aace82c2427da5ca6e58f2b3f2fb5da893ceac0c42218a40be35",
                "sha256:3548db281cd7d2561c9ad9984681c95f7b0e38881201e157833a2342c30d5e8c",
                "sha256:3799aecf2e17cf585d977b780ce79ff0dc9b78d799fc694221ce814c2c19db83",
                "sha256:39d39875251ca8f612b6f33e6b1195af86d1b3e60086068be9cc053aa4376e21",
                "sha256:3b926aa83d1edb5aa5b427b4053dc420ec295a08e40911296b9eb1b6170f6cca",
                "sha256:3bcde07039e586f91b45c88f8583ea7cf7a0770df3a1649627bf598332cb6984",
                "sha256:3d08afd128ddaa624a48cf2b859afef385b720bb4b43df214f85616922e6a5ac",
                "sha256:3eb6971dcff08619f8d91607cfc726518b6fa2a9eba42856be181c6d0d9515fd",
                "sha256:40f4774f5a9d4f5e344f31a32b5096977b5d48560c5592e2f3d2c4374bd543ee",
                "sha256:4289fc34b2f5316fbb762d75362931e351941fa95fa18789191b33fc4cf9504a",
                "sha256:470c103ae716238bbe698d67ad020e1db9d9dba34fa5a899b5e21577e6d52ed2",
                "sha256:4f2c9f67e9821cad2e5f480bc8d83b8742896f1242dba247911072d4fa94c192",
                "sha256:50a74364d85fd319352182ef59c5c790484a336f6db772c1a9231f1c3ed0cbd7",
                "sha256:54a2db7b78338edd780e7ef7f9f6c442500fb0d41a5a4ea24fff1c929d5af585",
                "sha256:5635bd9cb9731e6d4a1132a498dd34f764034a8ce60cef4f5319c0541159392f",
                "sha256:59c0b02d0a6c384d453fece7566d1c7e6b7bae4fc5874ef2ef46d56776d61c9e",
                "sha256:5d598b938678ebf3c67377cdd45e09d431369c3b1a5b331058c338e201f12b27",
                "sha256:5df2768244d19ab7f60546d0c7c63ce1581f7af8b5de3eb3004b9b6fc8a9f84b",
                "sha256:5ef34d190326c3b1f822a5b7a45f6c4535e2f47ed06fec77d3d799c450b2651e",
                "sha256:6975a3fac6bc83c4a65c9f9fcab9e47019a11d3d2cf7f3c0d03431bf145a941e",
                "sha256:6c9a799e985904922a4d207a94eae35c78ebae90e128f0c4e521ce339396be9d",
                "sha256:70df4e3b545a17496c9b3f41f5115e69a4f2e77e94e1d2a8e1070bc0c38c8a3c",
                "sha256:7473e861101c9e72452f9bf8acb984947aa1661a7704553a9f6e4baa5ba64415",
                "sha256:8102eaf27e1e448db915d08afa8b41d6c7ca7a04b7d73af6514df10a3e74bd82",
                "sha256:87c450779d0914f2861b8526e035c5e6da0a3199d8f1add1a665e1cbc6fc6d02",
                "sha256:8b7ee99e510d7b66cdb6c593f21c043c248537a32e0bedf02e01e9553a172314",
                "sha256:91fc98adde3d7881af9b59ed0294046f3806221863722ba7d8d120c575314325",
                "sha256:94411f22c3985acaec6f83c6df553f2dbe17b698cc7f8ae751ff2237d96b9e3c",
                "sha256:98d85c6a2bef81588d9227dde12db8a7f47f639f4a17c9ae08e773aa9c697bf3",
                "sha256:9ad5db27f9cabae298d151c85cf2bad1d359a1b9c686a275df03385758e2f914",
                "sha256:a0b71b1b8fbf2b96e41c4d990244165e2c9be83d54962a9a1d118fd8657d2045",
                "sha256:a0f100c8912c114ff53e1202d0078b425bee3649ae34d7b070e9697f93c5d52d",
                "sha256:a591fe9e525846e4d154205572a029f653ada1a78b93697f3b5a8f1f2bc055b9",
                "sha256:a5c84c68147988265e60416b57fc83425a78058853509c1b0629c180094904a5",
                "sha256:a66d3508133af6e8548451b25058d5812812ec3798c886bf38ed24a98216fab2",
                "sha256:a8c4917bd7ad33e8eb21e9a5bbba979b49d9a97acb3a803092cbc1133e20343c",
                "sha256:b3bbeb01c2b273cca1e1e0c5df57f12dce9a4dd331b4fa1635b8bec26350bde3",
                "sha256:cba9d6b9a7d64d4bd46167096fc9d2f835e25d7e4c121fb2ddfc6528fb0413b2",
                "sha256:cc4d65aeeaa04136a12677d3dd0b1c0c94dc43abac5860ab33cceb42b801c1e8",
                "sha256:ce4bcc037df4fc5e3d184794f27bdaab018943698f4ca31630bc7f84a7b69c6d",
                "sha256:cec7d9412a9102bdc577382c3929b337320c4c4c4849f2c5cdd14d7368c5562d",
                "sha256:d400bfb9a37b1351253cb402671cea7e89bdecc294e8016a707f6d1d8ac934f9",
                "sha256:d61f4695e6c866a23a21acab0509af1cdfd2c013cf256bbf5b6b5e2695827162",
                "sha256:db0fbb9c62743ce59a9ff687eb5f4afbe77e5e8403d6697f7446e5f609976f76",
                "sha256:dd86c085fae2efd48ac91dd7ccffcfc0571387fe1193d33b6394db7ef31fe2a4",
                "sha256:e00b098126fd45523dd056d2efba6c5a63b71ffe9f2bbe1a4fe1716e1d0c331e",
                "sha256:e229a521186c75c8ad9490854fd8bbdd9a0c9aa3a524326b55be83b54d4e0ad9",
                "sha256:e263d77ee3dd201c3a142934a086a4450861778baaeeb45db4591ef65550b0a6",
                "sha256:ed9cb427ba5504c1dc15ede7d516b84757c3e3d7868ccc85121d9310d27eed0b",
                "sha256:fa6693661a4c91757f4412306191b6dc88c1703f780c8234035eac011922bc01",
                "sha256:fcd131dd944808b5bdb38e6f5b53013c5aa4f334c5cad0c72742f6eba4b73db0"
            ],
            "version": "==1.15.1"
        },
        "charset-normalizer": {
            "hashes": [
                "sha256:007d05ec7321d12a40227aae9e2bc6dca73f3cb21058999a1df9e193555a9dcc",
                "sha256:03853ed82eeebbce3c2abfdbc98c96dc205f32a79627688ac9a27370ea61a49c",
                "sha256:07d9e39b01743c3717745f4c530a6349eadbfa043c7577eef86c502c15df2c67",
                "sha256:08e721811161356f97b4059a9ba7bafb23ea5ee2255402c42881c214e173c6b4",
                "sha256:0c96c3b819b5c3e9e165495db84d41914d6894d55181d2d108cc1a69bfc9cce0",
                "sha256:0ea948db76d31190bf08bd371623927ee1339d5f2a0b4b1b4a4439a65298703c",
                "sha256:0f7eb884681e3938906ed0434f20c63046eacd0111c4ba96f27b76084cd679f5",
                "sha256:12a6fff75f6bc66711b73a2f0addfc4c8c15a20e805146a02d147a318962c444",
                "sha256:12d8baf840cc7889b37c7c770f478adea7adce3dcb3944d02ec87508e2dcf153",
                "sha256:14265bfe1f09498b9d8ec91e9ec9fa52775edf90fcbde092b25f4a33d444fea9",
                "sha256:16d971e29578a5e97d7117866d15889a4a07befe0e87e703ed63cd90cb348c01",
                "sha256:177a0ba5f0211d488e295aaf82707237e331c24788d8d76c96c5a41594723217",
                "sha256:1a87ca9d5df6fe460483d9a5bbf2b18f620cbed41b432e2bddb686228282d10b",
                "sha256:1c2a768fdd44ee4a9339a9b0b130049139b8ce3c01d2ce09f67f5a68048d477c",
                "sha256:1c2aed2e5e41f24ea8ef1590b8e848a79b56f3a5564a65ceec43c9d692dc7d8a",
                "sha256:1dc8b0ea451d6e69735094606991f32867807881400f808a106ee1d963c46a83",
                "sha256:1efde3cae86c8c273f1eb3b287be7d8499420cf2fe7585c41d370d3e790054a5",
                "sha256:202389074300232baeb53ae2569a60901f7efadd4245cf3a3bf0617d60b439d7",
                "sha256:203104ed3e428044fd943bc4bf45fa73c0730391f9621e37fe39ecf477b128cb",
                "sha256:2257141f39fe65a3fdf38aeccae4b953e5f3b3324f4ff0daf9f15b8518666a2c",
                "sha256:298930cec56029e05497a76988377cbd7457ba864beeea92ad7e844fe74cd1f1",
                "sha256:2cd4a60d0e2fb04537162c62bbbb4182f53541fe0ede35cdf270a1c1e723cc42",
                "sha256:2d6eb928e13016cea4f1f21d1e10c1cebd5a421bc57ddf5b1142ae3f86824fab",
                "sha256:2fe249cb4651fd12605b7288b24751d8bfd46d35f12a20b1ba33dea122e690df",
                "sha256:30b8d1d8c52a48c2c5690e152c169b673487a2a58de1ec7393196753063fcd5e",
                "sha256:320ade88cfb846b8cd6b4ddf5ee9e80ee0c1f52401f2456b84ae1ae6a1a5f207",
                "sha256:3534e7dcbdcf757da6b85a0bbf5b6868786d5982dd959b065e65481644817a18",
                "sha256:36836d6ff945a00b88ba1e4572d721e60b5b8c98c155d465f56ad19d68f23734",
                "sha256:38c0109396c4cfc574d502df99742a45c72c08eff0a36158b6f04000043dbf38",
                "sha256:3946fa46a0cf3e4c8cb1cc52f56bb536310d34f25f01ca9b6c16afa767dab110",
                "sha256:3bec022aec2c514d9cf199522a802bd007cd588ab17ab2525f20f9c34d067c18",
                "sha256:3c9a494bc5ec77d43cea229c4f6db1e4d8fe7e1bbffa8b6f0f0032430ff8ab44",
                "sha256:3dce51d0f5e7951f8bb4900c257dad282f49190fdbebecd4ba99bcc41fef404d",
                "sha256:3dedcc22d73ec993f42055eff4fcfed9318d1eeb9a6606c55892a26964964e48",
                "sha256:4042d5c8f957e15221d423ba781e85d553722fc4113f523f2feb7b188cc34c5e",
                "sha256:481551899c856c704d58119b5025793fa6730adda3571971af568f66d2424bb5",
                "sha256:4dc1e73c36828f982bfe79fadf5919923f8a6f4df2860804db9a98c48824ce8d",
                "sha256:4e5163c14bffd570ef2affbfdd77bba66383890797df43dc8b4cc7d6f500bf53",
                "sha256:511ef87c8aec0783e08ac18565a16d435372bc1ac25a91e6ac7f5ef2b0bff790",
                "sha256:532bc9bf33a68613fd7d65e4b1c71a6a38d7d42604ecf239c77392e9b4e8998c",
                "sha256:54523e136b8948060c0fa0bc7b1b50c32c186f2fceee897a495406bb6e311d2b",
                "sha256:5649fd1c7bade02f320a462fdefd0b4bd3ce036065836d4f42e0de958038e116",
                "sha256:56be790f86bfb2c98fb742ce566dfb4816e5a83384616ab59c49e0604d49c51d",
                "sha256:5b77459df20e08151cd6f8b9ef8ef1f961ef73d85c21a555c7eed5b79410ec10",
                "sha256:5ed6ab538499c8644b8a3e18debabcd7ce684f3fa91cf867521a7a0279cab2d6",
                "sha256:6178f72c5508bfc5fd446a5905e698c6212932f25bcdd4b47a757a50605a90e2",
                "sha256:6370e8686f662e6a3941ee48ed4742317cafbe5707e36406e9df792cdb535776",
                "sha256:64f02c6841d7d83f832cd97ccf8eb8a906d06eb95d5276069175c696b024b60a",
                "sha256:65bcd23054beab4d166035cabbc868a09c1a49d1efe458fe8e4361215df40265",
                "sha256:66671f93accb62ed07da56613636f3641f1a12c13046ce91ffc923721f23c008",
                "sha256:6696b7688f54f5af4462118f0bfa7c1621eeb87154f77fa04b9295ce7a8f2943",
                "sha256:6785f414ae0f3c733c437e0f3929197934f526d19dfaa75e18fdb4f94c6fb374",
                "sha256:67f6279d125ca0046a7fd386d01b311c6363844deac3e5b069b514ba3e63c246",
                "sha256:6c114670c45346afedc0d947faf3c7f701051d2518b943679c8ff88befe14f8e",
                "sha256:6e0d51f618228538a3e8f46bd246f87a6cd030565e015803691603f55e12afb5",
                "sha256:6ed74185b2db44f41ef35fd1617c5888e59792da9bbc9190d6c7300617182616",
                "sha256:708838739abf24b2ceb208d0e22403dd018faeef86ddac04319a62ae884c4f15",
                "sha256:715479b9a2802ecac752a3b0efa2b0b60285cf962ee38414211abdfccc233b41",
                "sha256:733784b6d6def852c814bce5f318d25da2ee65dd4839a0718641c696e09a2960",
                "sha256:750e02e074872a3fad7f233b47734166440af3cdea0add3e95163110816d6752",
                "sha256:752a45dc4a6934060b3b0dab47e04edc3326575f82be64bc4fc293914566503e",
                "sha256:7579e913a5339fb8fa133f6bbcfd8e6749696206cf05acdbdca71a1b436d8e72",
                "sha256:7641bb8895e77f921102f72833904dcd9901df5d6d72a2ab8f31d04b7e51e4e7",
                "sha256:7804338df6fcc08105c7745f1502ba68d900f45fd770d5bdd5288ddccb8a42d8",
                "sha256:80d04837f55fc81da168b98de4f4b797ef007fc8a79ab71c6ec9bc4dd662b15b",
                "sha256:813c0e0132266c08eb87469a642cb30aaff57c5f426255419572aaeceeaa7bf4",
                "sha256:82b271f5137d07749f7bf32f70b17ab6eaabedd297e75dce75081a24f76eb545",
                "sha256:84c018e49c3bf790f9c2771c45e9313a08c2c2a6342b162cd650258b57817706",
                "sha256:8751d2787c9131302398b11e6c8068053dcb55d5a8964e114b6e196cf16cb366",
                "sha256:8778f0c7a52e56f75d12dae53ae320fae900a8b9b4164b981b9c5ce059cd1fcb",
                "sha256:87fad7d9ba98c86bcb41b2dc8dbb326619be2562af1f8ff50776a39e55721c5a",
                "sha256:8d828b6667a32a728a1ad1d93957cdf37489c57b97ae6c4de2860fa749b8fc1e",
                "sha256:8e385e4267ab76874ae30db04c627faaaf0b509e1ccc11a95b3fc3e83f855c00",
                "sha256:92a0a01ead5e668468e952e4238cccd7c537364eb7d851ab144ab6627dbbe12f",
                "sha256:94e1885b270625a9a828c9793b4d52a64445299baa1fea5a173bf1d3dd9a1a5a",
                "sha256:a180c5e59792af262bf263b21a3c49353f25945d8d9f70628e73de370d55e1e1",
                "sha256:a277ab8928b9f299723bc1a2dabb1265911b1a76341f90a510368ca44ad9ab66",
                "sha256:a5fe03b42827c13cdccd08e6c0247b6a6d4b5e3cdc53fd1749f5896adcdc2356",
                "sha256:a6c5863edfbe888d9eff9c8b8087354e27618d9da76425c119293f11712a6319",
                "sha256:a89c23ef8d2c6b27fd200a42aa4ac72786e7c60d40efdc76e6011260b6e949c4",
                "sha256:adb2597b428735679446b46c8badf467b4ca5f5056aae4d51a19f9570301b1ad",
                "sha256:ae196f021b5e7c78e918242d217db021ed2a6ace2bc6ae94c0fc596221c7f58d",
                "sha256:ae89db9e5f98a11a4bf50407d4363e7b09b31e55bc117b4f7d80aab97ba009e5",
                "sha256:aed52fea0513bac0ccde438c188c8a471c4e0f457c2dd20cdbf6ea7a450046c7",
                "sha256:aef65cd602a6d0e0ff6f9930fcb1c8fec60dd2cfcb6facaf4bdb0e5873042db0",
                "sha256:af21eb4409a119e365397b2adbaca4c9ccab56543a65d5dbd9f920d6ac29f686",
                "sha256:b14b2d9dac08e28bb8046a1a0434b1750eb221c8f5b87a68f4fa11a6f97b5e34",
                "sha256:bb6d88045545b26da47aa879dd4a89a71d1dce0f0e549b1abcb31dfe4a8eac49",
                "sha256:bb8cc7534f51d9a017b93e3e85b260924f909601c3df002bcdb58ddb4dc41a5c",
                "sha256:bc17a677b21b3502a21f66a8cc64f5bfad4df8a0b8434d661666f8ce90ac3af1",
                "sha256:bd6c2a1c7573c64738d716488d2cdd3c00e340e4835707d8fdb8dc1a66ef164e",
                "sha256:bd9b23791fe793e4968dba0c447e12f78e425c59fc0e3b97f6450f4781f3ee60",
                "sha256:c03a41a8784091e67a39648f70c5f97b5b6a37f216896d44d2cdcb82615339a0",
                "sha256:c0f081d69a6e58272819b70288d3221a6ee64b98df852631c80f293514d3b274",
                "sha256:c35abb8bfff0185efac5878da64c45dafd2b37fb0383add1be155a763c1f083d",
                "sha256:c36c333c39be2dbca264d7803333c896ab8fa7d4d6f0ab7edb7dfd7aea6e98c0",
                "sha256:c45e9440fb78f8ddabcf714b68f936737a121355bf59f3907f4e17721b9d1aae",
                "sha256:c593052c465475e64bbfe5dbd81680f64a67fdc752c56d7a0ae205dc8aeefe0f",
                "sha256:cdd68a1fb318e290a2077696b7eb7a21a49163c455979c639bf5a5dcdc46617d",
                "sha256:ce3412fbe1e31eb81ea42f4169ed94861c56e643189e1e75f0041f3fe7020abe",
                "sha256:cf1493cd8607bec4d8a7b9b004e699fcf8f9103a9284cc94962cb73d20f9d4a3",
                "sha256:cf29836da5119f3c8a8a70667b0ef5fdca3bb12f80fd06487cfa575b3909b393",
                "sha256:d4a48e5b3c2a489fae013b7589308a40146ee081f6f509e047e0e096084ceca1",
                "sha256:d560742f3c0d62afaccf9f41fe485ed69bd7661a241f86a3ef0f0fb8b1a397af",
                "sha256:d6038d37043bced98a66e68d3aa2b6a35505dc01328cd65217cefe82f25def44",
                "sha256:d61f00a0869d77422d9b2aba989e2d24afa6ffd552af442e0e58de4f35ea6d00",
                "sha256:d635aab80466bc95771bb78d5370e74d36d1fe31467b6b29b8b57b2a3cd7d22c",
                "sha256:dca4bbc466a95ba9c0234ef56d7dd9509f63da22274589ebd4ed7f1f4d4c54e3",
                "sha256:dd915403e231e6b1809fe9b6d9fc55cf8fb5e02765ac625d9cd623342a7905d7",
                "sha256:e044c39e41b92c845bc815e5ae4230804e8e7bc29e399b0437d64222d92809dd",
                "sha256:e060d01aec0a910bdccb8be71faf34e7799ce36950f8294c8bf612cba65a2c9e",
                "sha256:e1421b502d83040e6d7fb2fb18dff63957f720da3d77b2fbd3187ceb63755d7b",
                "sha256:e17b8d5d6a8c47c85e68ca8379def1303fd360c3e22093a807cd34a71cd082b8",
                "sha256:e5f4d355f0a2b1a31bc3edec6795b46324349c9cb25eed068049e4f472fb4259",
                "sha256:e712b419df8ba5e42b226c510472b37bd57b38e897d3eca5e8cfd410a29fa859",
                "sha256:e74327fb75de8986940def6e8dee4f127cc9752bee7355bb323cc5b2659b6d46",
                "sha256:e80c8378d8f3d83cd3164da1ad2df9e37a666cdde7b1cb2298ed0b558064be30",
                "sha256:e8ac484bf18ce6975760921bb6148041faa8fef0547200386ea0b52b5d27bf7b",
                "sha256:eca9705049ad3c7345d574e3510665cb2cf844c2f2dcfe675332677f081cbd46",
                "sha256:ed065083d0898c9d5b4bbec7b026fd755ff7454e6e8b73a67f8c744b13986e24",
                "sha256:edac0f1ab77644605be2cbba52e6b7f630731fc42b34cb0f634be1a6eface56a",
                "sha256:effc3f449787117233702311a1b7d8f59cba9ced946ba727bdc329ec69028e24",
                "sha256:f22dec1690b584cea26fade98b2435c132c1b5f68e39f5a0b7627cd7ae31f1dc",
                "sha256:f495a1652cf3fbab2eb0639776dad966c2fb874d79d87ca07f9d5f059b8bd215",
                "sha256:f496c9c3cc02230093d8330875c4c3cdfc3b73612a5fd921c65d39cbcef08063",
                "sha256:f59099f9b66f0d7145115e6f80dd8b1d847176df89b234a5a6b3f00437aa0832",
                "sha256:f59ad4c0e8f6bba240a9bb85504faa1ab438237199d4cce5f622761507b8f6a6",
                "sha256:fbccdc05410c9ee21bbf16a35f4c1d16123dcdeb8a1d38f33654fa21d0234f79",
                "sha256:fea24543955a6a729c45a73fe90e08c743f0b3334bbf3201e6c4bc1b0c7fa464"
            ],
            "markers": "python_version >= '3.7'",
            "version": "==3.4.7"
        },
        "cryptography": {
            "hashes": [
                "sha256:0297ffc478bdd237f5ca3a7dc96fc0d315670bfa099c04dc3a4a2172008a405a",
                "sha256:10d1f29d6292fc95acb597bacefd5b9e812099d75a6469004fd38ba5471a977f",
                "sha256:16fa61e7481f4b77ef53991075de29fc5bacb582a1244046d2e8b4bb72ef66d0",
                "sha256:194044c6b89a2f9f169df475cc167f6157eb9151cc69af8a2a163481d45cc407",
                "sha256:1db3d807a14931fa317f96435695d9ec386be7b84b618cc61cfa5d08b0ae33d7",
                "sha256:3261725c0ef84e7592597606f6583385fed2a5ec3909f43bc475ade9729a41d6",
                "sha256:3b72c360427889b40f36dc214630e688c2fe03e16c162ef0aa41da7ab1455153",
                "sha256:3e3a2599e640927089f932295a9a247fc40a5bdf69b0484532f530471a382750",
                "sha256:3fc26e22840b77326a764ceb5f02ca2d342305fba08f002a8c1f139540cdfaad",
                "sha256:5067ee7f2bce36b11d0e334abcd1ccf8c541fc0bbdaf57cdd511fdee53e879b6",
                "sha256:52e7bee800ec869b4031093875279f1ff2ed12c1e2f74923e8f49c916afd1d3b",
                "sha256:64760ba5331e3f1794d0bcaabc0d0c39e8c60bf67d09c93dc0e54189dfd7cfe5",
                "sha256:765fa194a0f3372d83005ab83ab35d7c5526c4e22951e46059b8ac678b44fa5a",
                "sha256:79473cf8a5cbc471979bd9378c9f425384980fcf2ab6534b18ed7d0d9843987d",
                "sha256:896dd3a66959d3a5ddcfc140a53391f69ff1e8f25d93f0e2e7830c6de90ceb9d",
                "sha256:89ed49784ba88c221756ff4d4755dbc03b3c8d2c5103f6d6b4f83a0fb1e85294",
                "sha256:ac7e48f7e7261207d750fa7e55eac2d45f720027d5703cd9007e9b37bbb59ac0",
                "sha256:ad7353f6ddf285aeadfaf79e5a6829110106ff8189391704c1d8801aa0bae45a",
                "sha256:b0163a849b6f315bf52815e238bc2b2346604413fa7c1601eea84bcddb5fb9ac",
                "sha256:b6c9b706316d7b5a137c35e14f4103e2115b088c412140fdbd5f87c73284df61",
                "sha256:c2e5856248a416767322c8668ef1845ad46ee62629266f84a8f007a317141013",
                "sha256:ca9f6784ea96b55ff41708b92c3f6aeaebde4c560308e5fbbd3173fbc466e94e",
                "sha256:d1a5bd52d684e49a36582193e0b89ff267704cd4025abefb9e26803adeb3e5fb",
                "sha256:d3971e2749a723e9084dd507584e2a2761f78ad2c638aa31e80bc7a15c9db4f9",
                "sha256:d4ef6cc305394ed669d4d9eebf10d3a101059bdcf2669c366ec1d14e4fb227bd",
                "sha256:d9e69ae01f99abe6ad646947bba8941e896cb3aa805be2597a0400e0764b5818"
            ],
            "markers": "python_version >= '3.6'",
            "version": "==38.0.1"
        },
        "edgegrid-python": {
            "hashes": [
                "sha256:19feaaf0adccc7fe7f9a3b1d4f5ff19587d996c3832ff3ac3a0a06e7eb877137",
                "sha256:1fbcf1abb8022807c808edbc8a434ad466b3ed34e53701951344208712142f57"
            ],
            "index": "pypi",
            "markers": "python_version >= '3.10'",
            "version": "==2.0.6"
        },
        "idna": {
            "hashes": [
                "sha256:585ea8fe5d69b9181ec1afba340451fba6ba764af97026f92a91d4eef164a242",
                "sha256:892ea0cde124a99ce773decba204c5552b69c3c67ffd5f232eb7696135bc8bb3"
            ],
            "markers": "python_version >= '3.8'",
            "version": "==3.13"
        },
        "ndg-httpsclient": {
            "hashes": [
                "sha256:d2c7225f6a1c6cf698af4ebc962da70178a99bcde24ee6d1961c4f3338130d57",
                "sha256:d72faed0376ab039736c2ba12e30695e2788c4aa569c9c3e3d72131de2592210",
                "sha256:dd174c11d971b6244a891f7be2b32ca9853d3797a72edb34fa5d7b07d8fff7d4"
            ],
            "version": "==0.5.1"
        },
        "pyasn1": {
            "hashes": [
                "sha256:014c0e9976956a08139dc0712ae195324a75e142284d5f87f1a87ee1b068a359",
                "sha256:03840c999ba71680a131cfaee6fab142e1ed9bbd9c693e285cc6aca0d555e576",
                "sha256:0458773cfe65b153891ac249bcf1b5f8f320b7c2ce462151f8fa74de8934becf",
                "sha256:08c3c53b75eaa48d71cf8c710312316392ed40899cb34710d092e96745a358b7",
                "sha256:39c7e2ec30515947ff4e87fb6f456dfc6e84857d34be479c9d4a4ba4bf46aa5d",
                "sha256:5c9414dcfede6e441f7e8f81b43b34e834731003427e5b09e4e00e3172a10f00",
                "sha256:6e7545f1a61025a4e58bb336952c5061697da694db1cae97b116e9c46abcf7c8",
                "sha256:78fa6da68ed2727915c4767bb386ab32cdba863caa7dbe473eaae45f9959da86",
                "sha256:7ab8a544af125fb704feadb008c99a88805126fb525280b2270bb25cc1d78a12",
                "sha256:99fcc3c8d804d1bc6d9a099921e39d827026409a58f2a720dcdb89374ea0c776",
                "sha256:aef77c9fb94a3ac588e87841208bdec464471d9871bd5050a287cc9a475cd0ba",
                "sha256:e89bf84b5437b532b0803ba5c9a5e054d21fec423a89952a74f87fa2c9b7bce2",
                "sha256:fec3e9d8e36808a28efb59b489e4528c10ad0f480e57dcc32b4de5c9d8c9fdf3"
            ],
            "version": "==0.4.8"
        },
        "pycparser": {
            "hashes": [
                "sha256:8ee45429555515e1f6b185e78100aea234072576aa43ab53aefcae078162fca9",
                "sha256:e644fdec12f7872f86c58ff790da456218b10f863970249516d60a5eaca77206"
            ],
            "markers": "python_version >= '2.7' and python_version not in '3.0, 3.1, 3.2, 3.3'",
            "version": "==2.21"
        },
        "pyopenssl": {
            "hashes": [
                "sha256:660b1b1425aac4a1bea1d94168a85d99f0b3144c869dd4390d27629d0087f1bf",
                "sha256:ea252b38c87425b64116f808355e8da644ef9b07e429398bfece610f893ee2e0"
            ],
            "markers": "python_version >= '3.6'",
            "version": "==22.0.0"
        },
        "requests": {
            "hashes": [
                "sha256:18817f8c57c6263968bc123d237e3b8b08ac046f5456bd1e307ee8f4250d3517",
                "sha256:4e6d1ef462f3626a1f0a0a9c42dd93c63bad33f9f1c1937509b8c5c8718ab56a"
            ],
            "markers": "python_version >= '3.10'",
            "version": "==2.33.1"
        },
        "requests-toolbelt": {
            "hashes": [
                "sha256:7681a0a3d047012b5bdc0ee37d7f8f07ebe76ab08caeccfc3921ce23c88d5bc6",
                "sha256:cccfdd665f0a24fcf4726e690f65639d272bb0637b9b92dfd91a5568ccf6bd06"
            ],
            "markers": "python_version >= '2.7' and python_version not in '3.0, 3.1, 3.2, 3.3'",
            "version": "==1.0.0"
        },
        "urllib3": {
            "hashes": [
                "sha256:231e0ec3b63ceb14667c67be60f2f2c40a518cb38b03af60abc813da26505f4c",
                "sha256:9fb4c81ebbb1ce9531cce37674bbc6f1360472bc18ca9a553ede278ef7276897"
            ],
            "markers": "python_version >= '3.10'",
            "version": "==2.7.0"
        }
    },
    "develop": {}
}
