{
    "_meta": {
        "hash": {
            "sha256": "0c7d55c652931b716ad453b7cf897f10333a05d1330b0d1f7dd632703cb93b97"
        },
        "pipfile-spec": 6,
        "requires": {
            "python_version": "3.10"
        },
        "sources": [
            {
                "name": "pypi",
                "url": "https://pypi.org/simple",
                "verify_ssl": true
            }
        ]
    },
    "default": {
        "attrs": {
            "hashes": [
                "sha256:1f28b4522cdc2fb4256ac1a020c78acf9cba2c6b461ccd2c126f3aa8e8335d04",
                "sha256:6279836d581513a26f1bf235f9acd333bc9115683f14f7e8fae46c98fc50e015"
            ],
            "markers": "python_version >= '3.7'",
            "version": "==23.1.0"
        },
        "certifi": {
            "hashes": [
                "sha256:0f0d56dc5a6ad56fd4ba36484d6cc34451e1c6548c61daad8c320169f91eddc7",
                "sha256:c6c2e98f5c7869efca1f8916fed228dd91539f9f1b444c314c06eef02980c716"
            ],
            "markers": "python_version >= '3.6'",
            "version": "==2023.5.7"
        },
        "charset-normalizer": {
            "hashes": [
                "sha256:04afa6387e2b282cf78ff3dbce20f0cc071c12dc8f685bd40960cc68644cfea6",
                "sha256:04eefcee095f58eaabe6dc3cc2262f3bcd776d2c67005880894f447b3f2cb9c1",
                "sha256:0be65ccf618c1e7ac9b849c315cc2e8a8751d9cfdaa43027d4f6624bd587ab7e",
                "sha256:0c95f12b74681e9ae127728f7e5409cbbef9cd914d5896ef238cc779b8152373",
                "sha256:0ca564606d2caafb0abe6d1b5311c2649e8071eb241b2d64e75a0d0065107e62",
                "sha256:10c93628d7497c81686e8e5e557aafa78f230cd9e77dd0c40032ef90c18f2230",
                "sha256:11d117e6c63e8f495412d37e7dc2e2fff09c34b2d09dbe2bee3c6229577818be",
                "sha256:11d3bcb7be35e7b1bba2c23beedac81ee893ac9871d0ba79effc7fc01167db6c",
                "sha256:12a2b561af122e3d94cdb97fe6fb2bb2b82cef0cdca131646fdb940a1eda04f0",
                "sha256:12d1a39aa6b8c6f6248bb54550efcc1c38ce0d8096a146638fd4738e42284448",
                "sha256:1435ae15108b1cb6fffbcea2af3d468683b7afed0169ad718451f8db5d1aff6f",
                "sha256:1c60b9c202d00052183c9be85e5eaf18a4ada0a47d188a83c8f5c5b23252f649",
                "sha256:1e8fcdd8f672a1c4fc8d0bd3a2b576b152d2a349782d1eb0f6b8e52e9954731d",
                "sha256:20064ead0717cf9a73a6d1e779b23d149b53daf971169289ed2ed43a71e8d3b0",
                "sha256:21fa558996782fc226b529fdd2ed7866c2c6ec91cee82735c98a197fae39f706",
                "sha256:22908891a380d50738e1f978667536f6c6b526a2064156203d418f4856d6e86a",
                "sha256:3160a0fd9754aab7d47f95a6b63ab355388d890163eb03b2d2b87ab0a30cfa59",
                "sha256:322102cdf1ab682ecc7d9b1c5eed4ec59657a65e1c146a0da342b78f4112db23",
                "sha256:34e0a2f9c370eb95597aae63bf85eb5e96826d81e3dcf88b8886012906f509b5",
                "sha256:3573d376454d956553c356df45bb824262c397c6e26ce43e8203c4c540ee0acb",
                "sha256:3747443b6a904001473370d7810aa19c3a180ccd52a7157aacc264a5ac79265e",
                "sha256:38e812a197bf8e71a59fe55b757a84c1f946d0ac114acafaafaf21667a7e169e",
                "sha256:3a06f32c9634a8705f4ca9946d667609f52cf130d5548881401f1eb2c39b1e2c",
                "sha256:3a5fc78f9e3f501a1614a98f7c54d3969f3ad9bba8ba3d9b438c3bc5d047dd28",
                "sha256:3d9098b479e78c85080c98e1e35ff40b4a31d8953102bb0fd7d1b6f8a2111a3d",
                "sha256:3dc5b6a8ecfdc5748a7e429782598e4f17ef378e3e272eeb1340ea57c9109f41",
                "sha256:4155b51ae05ed47199dc5b2a4e62abccb274cee6b01da5b895099b61b1982974",
                "sha256:49919f8400b5e49e961f320c735388ee686a62327e773fa5b3ce6721f7e785ce",
                "sha256:53d0a3fa5f8af98a1e261de6a3943ca631c526635eb5817a87a59d9a57ebf48f",
                "sha256:5f008525e02908b20e04707a4f704cd286d94718f48bb33edddc7d7b584dddc1",
                "sha256:628c985afb2c7d27a4800bfb609e03985aaecb42f955049957814e0491d4006d",
                "sha256:65ed923f84a6844de5fd29726b888e58c62820e0769b76565480e1fdc3d062f8",
                "sha256:6734e606355834f13445b6adc38b53c0fd45f1a56a9ba06c2058f86893ae8017",
                "sha256:6baf0baf0d5d265fa7944feb9f7451cc316bfe30e8df1a61b1bb08577c554f31",
                "sha256:6f4f4668e1831850ebcc2fd0b1cd11721947b6dc7c00bf1c6bd3c929ae14f2c7",
                "sha256:6f5c2e7bc8a4bf7c426599765b1bd33217ec84023033672c1e9a8b35eaeaaaf8",
                "sha256:6f6c7a8a57e9405cad7485f4c9d3172ae486cfef1344b5ddd8e5239582d7355e",
                "sha256:7381c66e0561c5757ffe616af869b916c8b4e42b367ab29fedc98481d1e74e14",
                "sha256:73dc03a6a7e30b7edc5b01b601e53e7fc924b04e1835e8e407c12c037e81adbd",
                "sha256:74db0052d985cf37fa111828d0dd230776ac99c740e1a758ad99094be4f1803d",
                "sha256:75f2568b4189dda1c567339b48cba4ac7384accb9c2a7ed655cd86b04055c795",
                "sha256:78cacd03e79d009d95635e7d6ff12c21eb89b894c354bd2b2ed0b4763373693b",
                "sha256:80d1543d58bd3d6c271b66abf454d437a438dff01c3e62fdbcd68f2a11310d4b",
                "sha256:830d2948a5ec37c386d3170c483063798d7879037492540f10a475e3fd6f244b",
                "sha256:891cf9b48776b5c61c700b55a598621fdb7b1e301a550365571e9624f270c203",
                "sha256:8f25e17ab3039b05f762b0a55ae0b3632b2e073d9c8fc88e89aca31a6198e88f",
                "sha256:9a3267620866c9d17b959a84dd0bd2d45719b817245e49371ead79ed4f710d19",
                "sha256:a04f86f41a8916fe45ac5024ec477f41f886b3c435da2d4e3d2709b22ab02af1",
                "sha256:aaf53a6cebad0eae578f062c7d462155eada9c172bd8c4d250b8c1d8eb7f916a",
                "sha256:abc1185d79f47c0a7aaf7e2412a0eb2c03b724581139193d2d82b3ad8cbb00ac",
                "sha256:ac0aa6cd53ab9a31d397f8303f92c42f534693528fafbdb997c82bae6e477ad9",
                "sha256:ac3775e3311661d4adace3697a52ac0bab17edd166087d493b52d4f4f553f9f0",
                "sha256:b06f0d3bf045158d2fb8837c5785fe9ff9b8c93358be64461a1089f5da983137",
                "sha256:b116502087ce8a6b7a5f1814568ccbd0e9f6cfd99948aa59b0e241dc57cf739f",
                "sha256:b82fab78e0b1329e183a65260581de4375f619167478dddab510c6c6fb04d9b6",
                "sha256:bd7163182133c0c7701b25e604cf1611c0d87712e56e88e7ee5d72deab3e76b5",
                "sha256:c36bcbc0d5174a80d6cccf43a0ecaca44e81d25be4b7f90f0ed7bcfbb5a00909",
                "sha256:c3af8e0f07399d3176b179f2e2634c3ce9c1301379a6b8c9c9aeecd481da494f",
                "sha256:c84132a54c750fda57729d1e2599bb598f5fa0344085dbde5003ba429a4798c0",
                "sha256:cb7b2ab0188829593b9de646545175547a70d9a6e2b63bf2cd87a0a391599324",
                "sha256:cca4def576f47a09a943666b8f829606bcb17e2bc2d5911a46c8f8da45f56755",
                "sha256:cf6511efa4801b9b38dc5546d7547d5b5c6ef4b081c60b23e4d941d0eba9cbeb",
                "sha256:d16fd5252f883eb074ca55cb622bc0bee49b979ae4e8639fff6ca3ff44f9f854",
                "sha256:d2686f91611f9e17f4548dbf050e75b079bbc2a82be565832bc8ea9047b61c8c",
                "sha256:d7fc3fca01da18fbabe4625d64bb612b533533ed10045a2ac3dd194bfa656b60",
                "sha256:dd5653e67b149503c68c4018bf07e42eeed6b4e956b24c00ccdf93ac79cdff84",
                "sha256:de5695a6f1d8340b12a5d6d4484290ee74d61e467c39ff03b39e30df62cf83a0",
                "sha256:e0ac8959c929593fee38da1c2b64ee9778733cdf03c482c9ff1d508b6b593b2b",
                "sha256:e1b25e3ad6c909f398df8921780d6a3d120d8c09466720226fc621605b6f92b1",
                "sha256:e633940f28c1e913615fd624fcdd72fdba807bf53ea6925d6a588e84e1151531",
                "sha256:e89df2958e5159b811af9ff0f92614dabf4ff617c03a4c1c6ff53bf1c399e0e1",
                "sha256:ea9f9c6034ea2d93d9147818f17c2a0860d41b71c38b9ce4d55f21b6f9165a11",
                "sha256:f645caaf0008bacf349875a974220f1f1da349c5dbe7c4ec93048cdc785a3326",
                "sha256:f8303414c7b03f794347ad062c0516cee0e15f7a612abd0ce1e25caf6ceb47df",
                "sha256:fca62a8301b605b954ad2e9c3666f9d97f63872aa4efcae5492baca2056b74ab"
            ],
            "markers": "python_version >= '3.7'",
            "version": "==3.1.0"
        },
        "idna": {
            "hashes": [
                "sha256:814f528e8dead7d329833b91c5faa87d60bf71824cd12a7530b5526063d02cb4",
                "sha256:90b77e79eaa3eba6de819a0c442c0b4ceefc341a7a2ab77d7562bf49f425c5c2"
            ],
            "markers": "python_version >= '3.5'",
            "version": "==3.4"
        },
        "jsonschema": {
            "hashes": [
                "sha256:8caf5b57a990a98e9b39832ef3cb35c176fe331414252b6e1b26fd5866f891a4",
                "sha256:b508dd6142bd03f4c3670534c80af68cd7bbff9ea830b9cf2625d4a3c49ddf60"
            ],
            "index": "pypi",
            "version": "==4.18.0"
        },
        "jsonschema-specifications": {
            "hashes": [
                "sha256:3d2b82663aff01815f744bb5c7887e2121a63399b49b104a3c96145474d091d7",
                "sha256:ca1c4dd059a9e7b34101cf5b3ab7ff1d18b139f35950d598d629837ef66e8f28"
            ],
            "markers": "python_version >= '3.8'",
            "version": "==2023.6.1"
        },
        "referencing": {
            "hashes": [
                "sha256:90cb53782d550ba28d2166ef3f55731f38397def8832baac5d45235f1995e35e",
                "sha256:d3c8f323ee1480095da44d55917cfb8278d73d6b4d5f677e3e40eb21314ac67f"
            ],
            "markers": "python_version >= '3.8'",
            "version": "==0.29.1"
        },
        "requests": {
            "hashes": [
                "sha256:58cd2187c01e70e6e26505bca751777aa9f2ee0b7f4300988b709f44e013003f",
                "sha256:942c5a758f98d790eaed1a29cb6eefc7ffb0d1cf7af05c3d2791656dbd6ad1e1"
            ],
            "index": "pypi",
            "version": "==2.31.0"
        },
        "rpds-py": {
            "hashes": [
                "sha256:00e25ae6e74efffe761a39be7b92a3cb7dbdf2e96d8653995c77f3aaaa46d6f7",
                "sha256:0104b661801e62e51cd8fe50761a6e26fdb597272be232180a0b6ab254bba963",
                "sha256:0928a9e2188d5e3a037f5413130674c57d9a3a6bdc4a809319fcd3704f950233",
                "sha256:235691dd87ca9948fdb55e9165a0ef2819abd7b13aebe3bfe4b958dec4164bcf",
                "sha256:343f14b49af7f2a3862e74173bee235e587c4d5ab249882da645389231cd26ba",
                "sha256:496c1386c23b637739e684f0ab1ee44731cf652c7d8c71a910272d76ccf75272",
                "sha256:4e8275dcf634e4998ebd5d5b7769543b3003ebd8838e7e36fd3dbcab17666d07",
                "sha256:52fd535630eb83cfdfebbffa5d8bce18d70b4898be5ef3a89637939e9bd83c32",
                "sha256:5509c7f65bbee77e05a5a0d4a48174aad8dfc95db6b9d68bf00ac5ca85e867c5",
                "sha256:60e326d3637b9f200e509d4fd4536a8bb6814deba271ebe2193899643ec0323e",
                "sha256:60fc4dd14e5d233aa1b932ed02154a8de688198a4ea8f1148f4f871479476246",
                "sha256:6810e58696e3f38a0c2590a3eec3a9f0f83c07d4b3e1d0c5050c7396a48d2dee",
                "sha256:6a55e48163f9af3adf3f6724527837fa7cdbfa0bd98cc5065ddb7845f19146de",
                "sha256:6cdfbfce89d249758683a6ea4c6bab652d73cd4a324fb1d8910843de26c0b12e",
                "sha256:713d7db206e08ef7b2f6aa1e848dd3896f5cbbdb5d4106ca70aeb657b75cd2dd",
                "sha256:793366505a90401905e2b7c47e725029328025ab3a0cd9a9807a6d50b0ac74a1",
                "sha256:81879d8df61237008d3f8dfb4cbc07b36e1c728683f1a84ba897bb9e8ea60d63",
                "sha256:82b82e382679360f341369447d0be825ae37fe65f480eb43262a4e7dfaed7d92",
                "sha256:8f2b1667a441c47713a0037b7c904a2f125eb15692b64b65858099e87c49f3ea",
                "sha256:974b3b65b2b0737e6a7f06b336babdef0b84a8103f8bd3a1a0d953564f216cfb",
                "sha256:98ac9fe4d064a37c6cde770bfc8d77d3c4801ce42be56dbb1fdab6313a309a97",
                "sha256:9c7c9c94c88a562158111e1572f33a189d1f2f77c47dcaeb26b129afdbf84fe0",
                "sha256:9ff28c293f57a4b9a18cfc59fe770280f964587a36831b08859d00621d34c1c1",
                "sha256:a192a9c3d9baeb2f57daf854f887a34e5d5af2c7da678b070443f5ddc799c0ec",
                "sha256:a3f565657351e7c8ea4b5fcdd37321f985b6957cab69b2ee1e38dbe6b81a76e9",
                "sha256:aba533458c944b41a85f67f9a9e277de70ee717845ede7a7096e9cd9d0accc20",
                "sha256:b7aec564acbb9f94550c1b9f1e2186514d74276df08c8eb531754d980b2be213",
                "sha256:c28417fa4f3dfa417dea621a324f5bb13551a125a4ed2cde9b881563556d5f5f",
                "sha256:cb15e484b7e97078a2f638a4c70f907d5ec2a480ba2546a61c314869778c5c9c",
                "sha256:cb9826d377f4d3bd7096e329b815ed55648e5472dab84be9490f85b8004193d4",
                "sha256:d0a48048a4184cdeb62ed2849aa84b522c49dbc023a4a879b42a84b3260ab7be",
                "sha256:d12f0e8c01245c6619e9d0dae90d00ac7838680692d6f3d468bddaec79498760",
                "sha256:d6bd4e774be893b7a3f4e94209e84fd9f834631cf57dc90ca55b00975a730c9e",
                "sha256:d94ac0a659589ceb8ad4c7e0464ea928871c1b791f8a710babc018e2a1a74533",
                "sha256:de2e483f29aa252e4af45f7c2df98342a91768f9b9b04a23ca6da9c1f365208d",
                "sha256:e3cd0475538abaebd2a7fa21eb28356347b00c58ca53b9cede859921d19d1edf",
                "sha256:ef6c45869883078578b61b12cd06a4e189a7a7d5c084b27768a026ee0d0d6083",
                "sha256:f49e2a7c0462bf6b414d2f553ac5375d833c0e8b0373d5bb00d629c4c2b2f37d",
                "sha256:f50df3eef018da4f8175f2da2f0a873a9483abd240684cb20172c289f43be046",
                "sha256:f6d010dc24e6f83badcada983b7b162ee7a4ce5c7c1c971640e9b9130cabcc3e"
            ],
            "markers": "python_version >= '3.8'",
            "version": "==0.8.3"
        },
        "urllib3": {
            "hashes": [
                "sha256:48e7fafa40319d358848e1bc6809b208340fafe2096f1725d05d67443d0483d1",
                "sha256:bee28b5e56addb8226c96f7f13ac28cb4c301dd5ea8a6ca179c0b9835e032825"
            ],
            "markers": "python_version >= '3.7'",
            "version": "==2.0.3"
        }
    },
    "develop": {}
}
