{
    "_meta": {
        "hash": {
            "sha256": "96f6551fca9de4e56daf50a08af2e3fa42aef4d07df7dfccd6cf815e8184d3a2"
        },
        "pipfile-spec": 6,
        "requires": {
            "python_version": "3.10"
        },
        "sources": [
            {
                "name": "pypi",
                "url": "https://pypi.org/simple",
                "verify_ssl": true
            }
        ]
    },
    "default": {
        "xmltodict": {
            "hashes": [
                "sha256:54306780b7c2175a3967cad1db92f218207e5bc1aba697d887807c0fb68b7649",
                "sha256:62d0fddb0dcbc9f642745d8bbf4d81fd17d6dfaec5a15b5c1876300aad92af0d"
            ],
            "index": "pypi",
            "markers": "python_version >= '3.9'",
            "version": "==1.0.2"
        }
    },
    "develop": {}
}
