{
    "_meta": {
        "hash": {
            "sha256": "96f6551fca9de4e56daf50a08af2e3fa42aef4d07df7dfccd6cf815e8184d3a2"
        },
        "pipfile-spec": 6,
        "requires": {
            "python_version": "3.10"
        },
        "sources": [
            {
                "name": "pypi",
                "url": "https://pypi.org/simple",
                "verify_ssl": true
            }
        ]
    },
    "default": {
        "xmltodict": {
            "hashes": [
                "sha256:8887783bf1faba1754fc45fdf3fe03fbb3629c811ae57f91c018aace4c58d4ed",
                "sha256:c6d46b4e3413d1e4fc3e5016f0f1c7a5c10f8ce39efaa0cb099af986ecfc9a53"
            ],
            "index": "pypi",
            "markers": "python_version >= '3.6'",
            "version": "==0.15.0"
        }
    },
    "develop": {}
}
